{
  "version": 4,
  "terraform_version": "1.15.6",
  "serial": 260,
  "lineage": "876b712a-5cba-0e2f-da36-ae66c32360a1",
  "outputs": {
    "cloudwatch_log_group": {
      "value": "/ecs/de-ai-25-loggen",
      "type": "string"
    },
    "ecr_repository_url": {
      "value": "827913617635.dkr.ecr.ap-northeast-2.amazonaws.com/de-ai-25-loggen-repo",
      "type": "string"
    },
    "ecs_cluster_name": {
      "value": "de-ai-25-loggen-cluster",
      "type": "string"
    },
    "ecs_task_definition_arn": {
      "value": "arn:aws:ecs:ap-northeast-2:827913617635:task-definition/de-ai-25-loggen-task:10",
      "type": "string"
    },
    "ecs_task_family": {
      "value": "de-ai-25-loggen-task",
      "type": "string"
    },
    "firehose_name": {
      "value": "de-ai-25-loggen-firehose",
      "type": "string"
    },
    "flink_application_arn": {
      "value": "arn:aws:kinesisanalytics:ap-northeast-2:827913617635:application/de-ai-25-loggen-silver-flink",
      "type": "string"
    },
    "flink_application_name": {
      "value": "de-ai-25-loggen-silver-flink",
      "type": "string"
    },
    "flink_application_status": {
      "value": "READY",
      "type": "string"
    },
    "flink_code_s3_prefix": {
      "value": "s3://de-ai-25-loggen-s3-bk-827913617635/flink/",
      "type": "string"
    },
    "flink_log_group_name": {
      "value": "/aws/kinesis-analysis/de-ai-25-loggen-silver-flink",
      "type": "string"
    },
    "kinesis_stream_arn": {
      "value": "arn:aws:kinesis:ap-northeast-2:827913617635:stream/de-ai-25-loggen-kinesis",
      "type": "string"
    },
    "kinesis_stream_name": {
      "value": "de-ai-25-loggen-kinesis",
      "type": "string"
    },
    "public_subnet_ids": {
      "value": [
        "subnet-0aa1e8c5074f868f0",
        "subnet-0514d653bff7e7d32"
      ],
      "type": [
        "tuple",
        [
          "string",
          "string"
        ]
      ]
    },
    "rejected_firehose_name": {
      "value": "de-ai-25-loggen-rejected-firehose",
      "type": "string"
    },
    "rejected_kinesis_stream_arn": {
      "value": "arn:aws:kinesis:ap-northeast-2:827913617635:stream/de-ai-25-loggen-rejected-kinesis",
      "type": "string"
    },
    "rejected_kinesis_stream_name": {
      "value": "de-ai-25-loggen-rejected-kinesis",
      "type": "string"
    },
    "s3_bucket_name": {
      "value": "de-ai-25-loggen-s3-bk-827913617635",
      "type": "string"
    },
    "security_group_id": {
      "value": "sg-0acc2116e6434b38b",
      "type": "string"
    },
    "silver_firehose_name": {
      "value": "de-ai-25-loggen-silver-firehose",
      "type": "string"
    },
    "silver_kinesis_stream_arn": {
      "value": "arn:aws:kinesis:ap-northeast-2:827913617635:stream/de-ai-25-loggen-silver-kinesis",
      "type": "string"
    },
    "silver_kinesis_stream_name": {
      "value": "de-ai-25-loggen-silver-kinesis",
      "type": "string"
    },
    "vpc_id": {
      "value": "vpc-0d129f55b0fd791fd",
      "type": "string"
    }
  },
  "resources": [
    {
      "mode": "data",
      "type": "aws_availability_zones",
      "name": "available",
      "provider": "provider[\"registry.terraform.io/hashicorp/aws\"]",
      "instances": [
        {
          "schema_version": 0,
          "attributes": {
            "all_availability_zones": null,
            "exclude_names": null,
            "exclude_zone_ids": null,
            "filter": null,
            "group_names": [
              "ap-northeast-2-zg-1"
            ],
            "id": "ap-northeast-2",
            "names": [
              "ap-northeast-2a",
              "ap-northeast-2b",
              "ap-northeast-2c",
              "ap-northeast-2d"
            ],
            "region": "ap-northeast-2",
            "state": "available",
            "timeouts": null,
            "zone_ids": [
              "apne2-az1",
              "apne2-az2",
              "apne2-az3",
              "apne2-az4"
            ]
          },
          "sensitive_attributes": [],
          "identity_schema_version": 0
        }
      ]
    },
    {
      "mode": "data",
      "type": "aws_caller_identity",
      "name": "current",
      "provider": "provider[\"registry.terraform.io/hashicorp/aws\"]",
      "instances": [
        {
          "schema_version": 0,
          "attributes": {
            "account_id": "827913617635",
            "arn": "arn:aws:iam::827913617635:user/de-ai-25",
            "id": "827913617635",
            "user_id": "AIDA4BQ37IDRW2XWQX52S"
          },
          "sensitive_attributes": [],
          "identity_schema_version": 0
        }
      ]
    },
    {
      "mode": "data",
      "type": "aws_iam_policy_document",
      "name": "ecs_task_kinesis",
      "provider": "provider[\"registry.terraform.io/hashicorp/aws\"]",
      "instances": [
        {
          "schema_version": 0,
          "attributes": {
            "id": "2792883862",
            "json": "{\n  \"Version\": \"2012-10-17\",\n  \"Statement\": [\n    {\n      \"Effect\": \"Allow\",\n      \"Action\": [\n        \"kinesis:PutRecords\",\n        \"kinesis:PutRecord\"\n      ],\n      \"Resource\": \"arn:aws:kinesis:ap-northeast-2:827913617635:stream/de-ai-25-loggen-kinesis\"\n    }\n  ]\n}",
            "minified_json": "{\"Version\":\"2012-10-17\",\"Statement\":[{\"Effect\":\"Allow\",\"Action\":[\"kinesis:PutRecords\",\"kinesis:PutRecord\"],\"Resource\":\"arn:aws:kinesis:ap-northeast-2:827913617635:stream/de-ai-25-loggen-kinesis\"}]}",
            "override_json": null,
            "override_policy_documents": null,
            "policy_id": null,
            "source_json": null,
            "source_policy_documents": null,
            "statement": [
              {
                "actions": [
                  "kinesis:PutRecord",
                  "kinesis:PutRecords"
                ],
                "condition": [],
                "effect": "Allow",
                "not_actions": [],
                "not_principals": [],
                "not_resources": [],
                "principals": [],
                "resources": [
                  "arn:aws:kinesis:ap-northeast-2:827913617635:stream/de-ai-25-loggen-kinesis"
                ],
                "sid": ""
              }
            ],
            "version": "2012-10-17"
          },
          "sensitive_attributes": [],
          "identity_schema_version": 0
        }
      ]
    },
    {
      "mode": "data",
      "type": "aws_iam_policy_document",
      "name": "ecs_tasks_assume",
      "provider": "provider[\"registry.terraform.io/hashicorp/aws\"]",
      "instances": [
        {
          "schema_version": 0,
          "attributes": {
            "id": "1077804475",
            "json": "{\n  \"Version\": \"2012-10-17\",\n  \"Statement\": [\n    {\n      \"Effect\": \"Allow\",\n      \"Action\": \"sts:AssumeRole\",\n      \"Principal\": {\n        \"Service\": \"ecs-tasks.amazonaws.com\"\n      }\n    }\n  ]\n}",
            "minified_json": "{\"Version\":\"2012-10-17\",\"Statement\":[{\"Effect\":\"Allow\",\"Action\":\"sts:AssumeRole\",\"Principal\":{\"Service\":\"ecs-tasks.amazonaws.com\"}}]}",
            "override_json": null,
            "override_policy_documents": null,
            "policy_id": null,
            "source_json": null,
            "source_policy_documents": null,
            "statement": [
              {
                "actions": [
                  "sts:AssumeRole"
                ],
                "condition": [],
                "effect": "Allow",
                "not_actions": [],
                "not_principals": [],
                "not_resources": [],
                "principals": [
                  {
                    "identifiers": [
                      "ecs-tasks.amazonaws.com"
                    ],
                    "type": "Service"
                  }
                ],
                "resources": [],
                "sid": ""
              }
            ],
            "version": "2012-10-17"
          },
          "sensitive_attributes": [],
          "identity_schema_version": 0
        }
      ]
    },
    {
      "mode": "data",
      "type": "aws_iam_policy_document",
      "name": "firehose_assume",
      "provider": "provider[\"registry.terraform.io/hashicorp/aws\"]",
      "instances": [
        {
          "schema_version": 0,
          "attributes": {
            "id": "414810265",
            "json": "{\n  \"Version\": \"2012-10-17\",\n  \"Statement\": [\n    {\n      \"Effect\": \"Allow\",\n      \"Action\": \"sts:AssumeRole\",\n      \"Principal\": {\n        \"Service\": \"firehose.amazonaws.com\"\n      }\n    }\n  ]\n}",
            "minified_json": "{\"Version\":\"2012-10-17\",\"Statement\":[{\"Effect\":\"Allow\",\"Action\":\"sts:AssumeRole\",\"Principal\":{\"Service\":\"firehose.amazonaws.com\"}}]}",
            "override_json": null,
            "override_policy_documents": null,
            "policy_id": null,
            "source_json": null,
            "source_policy_documents": null,
            "statement": [
              {
                "actions": [
                  "sts:AssumeRole"
                ],
                "condition": [],
                "effect": "Allow",
                "not_actions": [],
                "not_principals": [],
                "not_resources": [],
                "principals": [
                  {
                    "identifiers": [
                      "firehose.amazonaws.com"
                    ],
                    "type": "Service"
                  }
                ],
                "resources": [],
                "sid": ""
              }
            ],
            "version": "2012-10-17"
          },
          "sensitive_attributes": [],
          "identity_schema_version": 0
        }
      ]
    },
    {
      "mode": "data",
      "type": "aws_iam_policy_document",
      "name": "firehose_rejected",
      "provider": "provider[\"registry.terraform.io/hashicorp/aws\"]",
      "instances": [
        {
          "schema_version": 0,
          "attributes": {
            "id": "591753739",
            "json": "{\n  \"Version\": \"2012-10-17\",\n  \"Statement\": [\n    {\n      \"Effect\": \"Allow\",\n      \"Action\": [\n        \"kinesis:ListShards\",\n        \"kinesis:GetShardIterator\",\n        \"kinesis:GetRecords\",\n        \"kinesis:DescribeStreamSummary\",\n        \"kinesis:DescribeStream\"\n      ],\n      \"Resource\": \"arn:aws:kinesis:ap-northeast-2:827913617635:stream/de-ai-25-loggen-rejected-kinesis\"\n    },\n    {\n      \"Effect\": \"Allow\",\n      \"Action\": [\n        \"s3:PutObject\",\n        \"s3:ListBucket\",\n        \"s3:GetBucketLocation\",\n        \"s3:AbortMultipartUpload\"\n      ],\n      \"Resource\": [\n        \"arn:aws:s3:::de-ai-25-loggen-s3-bk-827913617635/*\",\n        \"arn:aws:s3:::de-ai-25-loggen-s3-bk-827913617635\"\n      ]\n    }\n  ]\n}",
            "minified_json": "{\"Version\":\"2012-10-17\",\"Statement\":[{\"Effect\":\"Allow\",\"Action\":[\"kinesis:ListShards\",\"kinesis:GetShardIterator\",\"kinesis:GetRecords\",\"kinesis:DescribeStreamSummary\",\"kinesis:DescribeStream\"],\"Resource\":\"arn:aws:kinesis:ap-northeast-2:827913617635:stream/de-ai-25-loggen-rejected-kinesis\"},{\"Effect\":\"Allow\",\"Action\":[\"s3:PutObject\",\"s3:ListBucket\",\"s3:GetBucketLocation\",\"s3:AbortMultipartUpload\"],\"Resource\":[\"arn:aws:s3:::de-ai-25-loggen-s3-bk-827913617635/*\",\"arn:aws:s3:::de-ai-25-loggen-s3-bk-827913617635\"]}]}",
            "override_json": null,
            "override_policy_documents": null,
            "policy_id": null,
            "source_json": null,
            "source_policy_documents": null,
            "statement": [
              {
                "actions": [
                  "kinesis:DescribeStream",
                  "kinesis:DescribeStreamSummary",
                  "kinesis:GetRecords",
                  "kinesis:GetShardIterator",
                  "kinesis:ListShards"
                ],
                "condition": [],
                "effect": "Allow",
                "not_actions": [],
                "not_principals": [],
                "not_resources": [],
                "principals": [],
                "resources": [
                  "arn:aws:kinesis:ap-northeast-2:827913617635:stream/de-ai-25-loggen-rejected-kinesis"
                ],
                "sid": ""
              },
              {
                "actions": [
                  "s3:AbortMultipartUpload",
                  "s3:GetBucketLocation",
                  "s3:ListBucket",
                  "s3:PutObject"
                ],
                "condition": [],
                "effect": "Allow",
                "not_actions": [],
                "not_principals": [],
                "not_resources": [],
                "principals": [],
                "resources": [
                  "arn:aws:s3:::de-ai-25-loggen-s3-bk-827913617635",
                  "arn:aws:s3:::de-ai-25-loggen-s3-bk-827913617635/*"
                ],
                "sid": ""
              }
            ],
            "version": "2012-10-17"
          },
          "sensitive_attributes": [],
          "identity_schema_version": 0
        }
      ]
    },
    {
      "mode": "data",
      "type": "aws_iam_policy_document",
      "name": "firehose_rejected_assume",
      "provider": "provider[\"registry.terraform.io/hashicorp/aws\"]",
      "instances": [
        {
          "schema_version": 0,
          "attributes": {
            "id": "414810265",
            "json": "{\n  \"Version\": \"2012-10-17\",\n  \"Statement\": [\n    {\n      \"Effect\": \"Allow\",\n      \"Action\": \"sts:AssumeRole\",\n      \"Principal\": {\n        \"Service\": \"firehose.amazonaws.com\"\n      }\n    }\n  ]\n}",
            "minified_json": "{\"Version\":\"2012-10-17\",\"Statement\":[{\"Effect\":\"Allow\",\"Action\":\"sts:AssumeRole\",\"Principal\":{\"Service\":\"firehose.amazonaws.com\"}}]}",
            "override_json": null,
            "override_policy_documents": null,
            "policy_id": null,
            "source_json": null,
            "source_policy_documents": null,
            "statement": [
              {
                "actions": [
                  "sts:AssumeRole"
                ],
                "condition": [],
                "effect": "Allow",
                "not_actions": [],
                "not_principals": [],
                "not_resources": [],
                "principals": [
                  {
                    "identifiers": [
                      "firehose.amazonaws.com"
                    ],
                    "type": "Service"
                  }
                ],
                "resources": [],
                "sid": ""
              }
            ],
            "version": "2012-10-17"
          },
          "sensitive_attributes": [],
          "identity_schema_version": 0
        }
      ]
    },
    {
      "mode": "data",
      "type": "aws_iam_policy_document",
      "name": "firehose_s3",
      "provider": "provider[\"registry.terraform.io/hashicorp/aws\"]",
      "instances": [
        {
          "schema_version": 0,
          "attributes": {
            "id": "636174067",
            "json": "{\n  \"Version\": \"2012-10-17\",\n  \"Statement\": [\n    {\n      \"Effect\": \"Allow\",\n      \"Action\": [\n        \"kinesis:ListShards\",\n        \"kinesis:GetShardIterator\",\n        \"kinesis:GetRecords\",\n        \"kinesis:DescribeStream\"\n      ],\n      \"Resource\": \"arn:aws:kinesis:ap-northeast-2:827913617635:stream/de-ai-25-loggen-kinesis\"\n    },\n    {\n      \"Effect\": \"Allow\",\n      \"Action\": [\n        \"s3:PutObject\",\n        \"s3:ListBucket\",\n        \"s3:GetBucketLocation\",\n        \"s3:AbortMultipartUpload\"\n      ],\n      \"Resource\": [\n        \"arn:aws:s3:::de-ai-25-loggen-s3-bk-827913617635/*\",\n        \"arn:aws:s3:::de-ai-25-loggen-s3-bk-827913617635\"\n      ]\n    }\n  ]\n}",
            "minified_json": "{\"Version\":\"2012-10-17\",\"Statement\":[{\"Effect\":\"Allow\",\"Action\":[\"kinesis:ListShards\",\"kinesis:GetShardIterator\",\"kinesis:GetRecords\",\"kinesis:DescribeStream\"],\"Resource\":\"arn:aws:kinesis:ap-northeast-2:827913617635:stream/de-ai-25-loggen-kinesis\"},{\"Effect\":\"Allow\",\"Action\":[\"s3:PutObject\",\"s3:ListBucket\",\"s3:GetBucketLocation\",\"s3:AbortMultipartUpload\"],\"Resource\":[\"arn:aws:s3:::de-ai-25-loggen-s3-bk-827913617635/*\",\"arn:aws:s3:::de-ai-25-loggen-s3-bk-827913617635\"]}]}",
            "override_json": null,
            "override_policy_documents": null,
            "policy_id": null,
            "source_json": null,
            "source_policy_documents": null,
            "statement": [
              {
                "actions": [
                  "kinesis:DescribeStream",
                  "kinesis:GetRecords",
                  "kinesis:GetShardIterator",
                  "kinesis:ListShards"
                ],
                "condition": [],
                "effect": "Allow",
                "not_actions": [],
                "not_principals": [],
                "not_resources": [],
                "principals": [],
                "resources": [
                  "arn:aws:kinesis:ap-northeast-2:827913617635:stream/de-ai-25-loggen-kinesis"
                ],
                "sid": ""
              },
              {
                "actions": [
                  "s3:AbortMultipartUpload",
                  "s3:GetBucketLocation",
                  "s3:ListBucket",
                  "s3:PutObject"
                ],
                "condition": [],
                "effect": "Allow",
                "not_actions": [],
                "not_principals": [],
                "not_resources": [],
                "principals": [],
                "resources": [
                  "arn:aws:s3:::de-ai-25-loggen-s3-bk-827913617635",
                  "arn:aws:s3:::de-ai-25-loggen-s3-bk-827913617635/*"
                ],
                "sid": ""
              }
            ],
            "version": "2012-10-17"
          },
          "sensitive_attributes": [],
          "identity_schema_version": 0
        }
      ]
    },
    {
      "mode": "data",
      "type": "aws_iam_policy_document",
      "name": "firehose_silver",
      "provider": "provider[\"registry.terraform.io/hashicorp/aws\"]",
      "instances": [
        {
          "schema_version": 0,
          "attributes": {
            "id": "2303683240",
            "json": "{\n  \"Version\": \"2012-10-17\",\n  \"Statement\": [\n    {\n      \"Effect\": \"Allow\",\n      \"Action\": [\n        \"kinesis:ListShards\",\n        \"kinesis:GetShardIterator\",\n        \"kinesis:GetRecords\",\n        \"kinesis:DescribeStreamSummary\",\n        \"kinesis:DescribeStream\"\n      ],\n      \"Resource\": \"arn:aws:kinesis:ap-northeast-2:827913617635:stream/de-ai-25-loggen-silver-kinesis\"\n    },\n    {\n      \"Effect\": \"Allow\",\n      \"Action\": [\n        \"s3:PutObject\",\n        \"s3:ListBucket\",\n        \"s3:GetBucketLocation\",\n        \"s3:AbortMultipartUpload\"\n      ],\n      \"Resource\": [\n        \"arn:aws:s3:::de-ai-25-loggen-s3-bk-827913617635/*\",\n        \"arn:aws:s3:::de-ai-25-loggen-s3-bk-827913617635\"\n      ]\n    }\n  ]\n}",
            "minified_json": "{\"Version\":\"2012-10-17\",\"Statement\":[{\"Effect\":\"Allow\",\"Action\":[\"kinesis:ListShards\",\"kinesis:GetShardIterator\",\"kinesis:GetRecords\",\"kinesis:DescribeStreamSummary\",\"kinesis:DescribeStream\"],\"Resource\":\"arn:aws:kinesis:ap-northeast-2:827913617635:stream/de-ai-25-loggen-silver-kinesis\"},{\"Effect\":\"Allow\",\"Action\":[\"s3:PutObject\",\"s3:ListBucket\",\"s3:GetBucketLocation\",\"s3:AbortMultipartUpload\"],\"Resource\":[\"arn:aws:s3:::de-ai-25-loggen-s3-bk-827913617635/*\",\"arn:aws:s3:::de-ai-25-loggen-s3-bk-827913617635\"]}]}",
            "override_json": null,
            "override_policy_documents": null,
            "policy_id": null,
            "source_json": null,
            "source_policy_documents": null,
            "statement": [
              {
                "actions": [
                  "kinesis:DescribeStream",
                  "kinesis:DescribeStreamSummary",
                  "kinesis:GetRecords",
                  "kinesis:GetShardIterator",
                  "kinesis:ListShards"
                ],
                "condition": [],
                "effect": "Allow",
                "not_actions": [],
                "not_principals": [],
                "not_resources": [],
                "principals": [],
                "resources": [
                  "arn:aws:kinesis:ap-northeast-2:827913617635:stream/de-ai-25-loggen-silver-kinesis"
                ],
                "sid": ""
              },
              {
                "actions": [
                  "s3:AbortMultipartUpload",
                  "s3:GetBucketLocation",
                  "s3:ListBucket",
                  "s3:PutObject"
                ],
                "condition": [],
                "effect": "Allow",
                "not_actions": [],
                "not_principals": [],
                "not_resources": [],
                "principals": [],
                "resources": [
                  "arn:aws:s3:::de-ai-25-loggen-s3-bk-827913617635",
                  "arn:aws:s3:::de-ai-25-loggen-s3-bk-827913617635/*"
                ],
                "sid": ""
              }
            ],
            "version": "2012-10-17"
          },
          "sensitive_attributes": [],
          "identity_schema_version": 0
        }
      ]
    },
    {
      "mode": "data",
      "type": "aws_iam_policy_document",
      "name": "firehose_silver_assume",
      "provider": "provider[\"registry.terraform.io/hashicorp/aws\"]",
      "instances": [
        {
          "schema_version": 0,
          "attributes": {
            "id": "414810265",
            "json": "{\n  \"Version\": \"2012-10-17\",\n  \"Statement\": [\n    {\n      \"Effect\": \"Allow\",\n      \"Action\": \"sts:AssumeRole\",\n      \"Principal\": {\n        \"Service\": \"firehose.amazonaws.com\"\n      }\n    }\n  ]\n}",
            "minified_json": "{\"Version\":\"2012-10-17\",\"Statement\":[{\"Effect\":\"Allow\",\"Action\":\"sts:AssumeRole\",\"Principal\":{\"Service\":\"firehose.amazonaws.com\"}}]}",
            "override_json": null,
            "override_policy_documents": null,
            "policy_id": null,
            "source_json": null,
            "source_policy_documents": null,
            "statement": [
              {
                "actions": [
                  "sts:AssumeRole"
                ],
                "condition": [],
                "effect": "Allow",
                "not_actions": [],
                "not_principals": [],
                "not_resources": [],
                "principals": [
                  {
                    "identifiers": [
                      "firehose.amazonaws.com"
                    ],
                    "type": "Service"
                  }
                ],
                "resources": [],
                "sid": ""
              }
            ],
            "version": "2012-10-17"
          },
          "sensitive_attributes": [],
          "identity_schema_version": 0
        }
      ]
    },
    {
      "mode": "data",
      "type": "aws_iam_policy_document",
      "name": "flink",
      "provider": "provider[\"registry.terraform.io/hashicorp/aws\"]",
      "instances": [
        {
          "schema_version": 0,
          "attributes": {
            "id": "2401439913",
            "json": "{\n  \"Version\": \"2012-10-17\",\n  \"Statement\": [\n    {\n      \"Sid\": \"ReadBronzeKinesis\",\n      \"Effect\": \"Allow\",\n      \"Action\": [\n        \"kinesis:ListShards\",\n        \"kinesis:GetShardIterator\",\n        \"kinesis:GetRecords\",\n        \"kinesis:DescribeStreamSummary\",\n        \"kinesis:DescribeStream\"\n      ],\n      \"Resource\": \"arn:aws:kinesis:ap-northeast-2:827913617635:stream/de-ai-25-loggen-kinesis\"\n    },\n    {\n      \"Sid\": \"WriteSilverKinesis\",\n      \"Effect\": \"Allow\",\n      \"Action\": [\n        \"kinesis:PutRecords\",\n        \"kinesis:PutRecord\"\n      ],\n      \"Resource\": \"arn:aws:kinesis:ap-northeast-2:827913617635:stream/de-ai-25-loggen-silver-kinesis\"\n    },\n    {\n      \"Sid\": \"ReadFlinkCode\",\n      \"Effect\": \"Allow\",\n      \"Action\": [\n        \"s3:GetObjectVersion\",\n        \"s3:GetObject\"\n      ],\n      \"Resource\": \"arn:aws:s3:::de-ai-25-loggen-s3-bk-827913617635/flink/*\"\n    },\n    {\n      \"Sid\": \"DescribeFlinkLog\",\n      \"Effect\": \"Allow\",\n      \"Action\": [\n        \"logs:DescribeLogStreams\",\n        \"logs:DescribeLogGroups\"\n      ],\n      \"Resource\": \"*\"\n    },\n    {\n      \"Sid\": \"WriteFlinkLog\",\n      \"Effect\": \"Allow\",\n      \"Action\": \"logs:PutLogEvents\",\n      \"Resource\": \"arn:aws:logs:ap-northeast-2:827913617635:log-group:/aws/kinesis-analysis/de-ai-25-loggen-silver-flink:*\"\n    }\n  ]\n}",
            "minified_json": "{\"Version\":\"2012-10-17\",\"Statement\":[{\"Sid\":\"ReadBronzeKinesis\",\"Effect\":\"Allow\",\"Action\":[\"kinesis:ListShards\",\"kinesis:GetShardIterator\",\"kinesis:GetRecords\",\"kinesis:DescribeStreamSummary\",\"kinesis:DescribeStream\"],\"Resource\":\"arn:aws:kinesis:ap-northeast-2:827913617635:stream/de-ai-25-loggen-kinesis\"},{\"Sid\":\"WriteSilverKinesis\",\"Effect\":\"Allow\",\"Action\":[\"kinesis:PutRecords\",\"kinesis:PutRecord\"],\"Resource\":\"arn:aws:kinesis:ap-northeast-2:827913617635:stream/de-ai-25-loggen-silver-kinesis\"},{\"Sid\":\"ReadFlinkCode\",\"Effect\":\"Allow\",\"Action\":[\"s3:GetObjectVersion\",\"s3:GetObject\"],\"Resource\":\"arn:aws:s3:::de-ai-25-loggen-s3-bk-827913617635/flink/*\"},{\"Sid\":\"DescribeFlinkLog\",\"Effect\":\"Allow\",\"Action\":[\"logs:DescribeLogStreams\",\"logs:DescribeLogGroups\"],\"Resource\":\"*\"},{\"Sid\":\"WriteFlinkLog\",\"Effect\":\"Allow\",\"Action\":\"logs:PutLogEvents\",\"Resource\":\"arn:aws:logs:ap-northeast-2:827913617635:log-group:/aws/kinesis-analysis/de-ai-25-loggen-silver-flink:*\"}]}",
            "override_json": null,
            "override_policy_documents": null,
            "policy_id": null,
            "source_json": null,
            "source_policy_documents": null,
            "statement": [
              {
                "actions": [
                  "kinesis:DescribeStream",
                  "kinesis:DescribeStreamSummary",
                  "kinesis:GetRecords",
                  "kinesis:GetShardIterator",
                  "kinesis:ListShards"
                ],
                "condition": [],
                "effect": "Allow",
                "not_actions": [],
                "not_principals": [],
                "not_resources": [],
                "principals": [],
                "resources": [
                  "arn:aws:kinesis:ap-northeast-2:827913617635:stream/de-ai-25-loggen-kinesis"
                ],
                "sid": "ReadBronzeKinesis"
              },
              {
                "actions": [
                  "kinesis:PutRecord",
                  "kinesis:PutRecords"
                ],
                "condition": [],
                "effect": "Allow",
                "not_actions": [],
                "not_principals": [],
                "not_resources": [],
                "principals": [],
                "resources": [
                  "arn:aws:kinesis:ap-northeast-2:827913617635:stream/de-ai-25-loggen-silver-kinesis"
                ],
                "sid": "WriteSilverKinesis"
              },
              {
                "actions": [
                  "s3:GetObject",
                  "s3:GetObjectVersion"
                ],
                "condition": [],
                "effect": "Allow",
                "not_actions": [],
                "not_principals": [],
                "not_resources": [],
                "principals": [],
                "resources": [
                  "arn:aws:s3:::de-ai-25-loggen-s3-bk-827913617635/flink/*"
                ],
                "sid": "ReadFlinkCode"
              },
              {
                "actions": [
                  "logs:DescribeLogGroups",
                  "logs:DescribeLogStreams"
                ],
                "condition": [],
                "effect": "Allow",
                "not_actions": [],
                "not_principals": [],
                "not_resources": [],
                "principals": [],
                "resources": [
                  "*"
                ],
                "sid": "DescribeFlinkLog"
              },
              {
                "actions": [
                  "logs:PutLogEvents"
                ],
                "condition": [],
                "effect": "Allow",
                "not_actions": [],
                "not_principals": [],
                "not_resources": [],
                "principals": [],
                "resources": [
                  "arn:aws:logs:ap-northeast-2:827913617635:log-group:/aws/kinesis-analysis/de-ai-25-loggen-silver-flink:*"
                ],
                "sid": "WriteFlinkLog"
              }
            ],
            "version": "2012-10-17"
          },
          "sensitive_attributes": [],
          "identity_schema_version": 0
        }
      ]
    },
    {
      "mode": "data",
      "type": "aws_iam_policy_document",
      "name": "flink_assume",
      "provider": "provider[\"registry.terraform.io/hashicorp/aws\"]",
      "instances": [
        {
          "schema_version": 0,
          "attributes": {
            "id": "28356347",
            "json": "{\n  \"Version\": \"2012-10-17\",\n  \"Statement\": [\n    {\n      \"Effect\": \"Allow\",\n      \"Action\": \"sts:AssumeRole\",\n      \"Principal\": {\n        \"Service\": \"kinesisanalytics.amazonaws.com\"\n      }\n    }\n  ]\n}",
            "minified_json": "{\"Version\":\"2012-10-17\",\"Statement\":[{\"Effect\":\"Allow\",\"Action\":\"sts:AssumeRole\",\"Principal\":{\"Service\":\"kinesisanalytics.amazonaws.com\"}}]}",
            "override_json": null,
            "override_policy_documents": null,
            "policy_id": null,
            "source_json": null,
            "source_policy_documents": null,
            "statement": [
              {
                "actions": [
                  "sts:AssumeRole"
                ],
                "condition": [],
                "effect": "Allow",
                "not_actions": [],
                "not_principals": [],
                "not_resources": [],
                "principals": [
                  {
                    "identifiers": [
                      "kinesisanalytics.amazonaws.com"
                    ],
                    "type": "Service"
                  }
                ],
                "resources": [],
                "sid": ""
              }
            ],
            "version": "2012-10-17"
          },
          "sensitive_attributes": [],
          "identity_schema_version": 0
        }
      ]
    },
    {
      "mode": "managed",
      "type": "aws_cloudwatch_log_group",
      "name": "flink",
      "provider": "provider[\"registry.terraform.io/hashicorp/aws\"]",
      "instances": [
        {
          "schema_version": 0,
          "attributes": {
            "arn": "arn:aws:logs:ap-northeast-2:827913617635:log-group:/aws/kinesis-analysis/de-ai-25-loggen-silver-flink",
            "deletion_protection_enabled": false,
            "id": "/aws/kinesis-analysis/de-ai-25-loggen-silver-flink",
            "kms_key_id": "",
            "log_group_class": "STANDARD",
            "name": "/aws/kinesis-analysis/de-ai-25-loggen-silver-flink",
            "name_prefix": "",
            "region": "ap-northeast-2",
            "retention_in_days": 7,
            "skip_destroy": false,
            "tags": {},
            "tags_all": {
              "ManageBy": "Terraform",
              "Project": "de-ai-25-loggen",
              "Purpose": "로그 제너레이터"
            }
          },
          "sensitive_attributes": [],
          "identity_schema_version": 0,
          "identity": {
            "account_id": "827913617635",
            "name": "/aws/kinesis-analysis/de-ai-25-loggen-silver-flink",
            "region": "ap-northeast-2"
          },
          "private": "bnVsbA=="
        }
      ]
    },
    {
      "mode": "managed",
      "type": "aws_cloudwatch_log_group",
      "name": "generator",
      "provider": "provider[\"registry.terraform.io/hashicorp/aws\"]",
      "instances": [
        {
          "schema_version": 0,
          "attributes": {
            "arn": "arn:aws:logs:ap-northeast-2:827913617635:log-group:/ecs/de-ai-25-loggen",
            "deletion_protection_enabled": false,
            "id": "/ecs/de-ai-25-loggen",
            "kms_key_id": "",
            "log_group_class": "STANDARD",
            "name": "/ecs/de-ai-25-loggen",
            "name_prefix": "",
            "region": "ap-northeast-2",
            "retention_in_days": 7,
            "skip_destroy": false,
            "tags": {},
            "tags_all": {
              "ManageBy": "Terraform",
              "Project": "de-ai-25-loggen",
              "Purpose": "로그 제너레이터"
            }
          },
          "sensitive_attributes": [],
          "identity_schema_version": 0,
          "identity": {
            "account_id": "827913617635",
            "name": "/ecs/de-ai-25-loggen",
            "region": "ap-northeast-2"
          },
          "private": "bnVsbA=="
        }
      ]
    },
    {
      "mode": "managed",
      "type": "aws_cloudwatch_log_stream",
      "name": "flink",
      "provider": "provider[\"registry.terraform.io/hashicorp/aws\"]",
      "instances": [
        {
          "schema_version": 0,
          "attributes": {
            "arn": "arn:aws:logs:ap-northeast-2:827913617635:log-group:/aws/kinesis-analysis/de-ai-25-loggen-silver-flink:log-stream:de-ai-25-loggen-kinesis-analysis-log-stream",
            "id": "de-ai-25-loggen-kinesis-analysis-log-stream",
            "log_group_name": "/aws/kinesis-analysis/de-ai-25-loggen-silver-flink",
            "name": "de-ai-25-loggen-kinesis-analysis-log-stream",
            "region": "ap-northeast-2"
          },
          "sensitive_attributes": [],
          "identity_schema_version": 0,
          "identity": {
            "account_id": "827913617635",
            "log_group_name": "/aws/kinesis-analysis/de-ai-25-loggen-silver-flink",
            "name": "de-ai-25-loggen-kinesis-analysis-log-stream",
            "region": "ap-northeast-2"
          },
          "private": "bnVsbA==",
          "dependencies": [
            "aws_cloudwatch_log_group.flink"
          ]
        }
      ]
    },
    {
      "mode": "managed",
      "type": "aws_ecr_lifecycle_policy",
      "name": "generator",
      "provider": "provider[\"registry.terraform.io/hashicorp/aws\"]",
      "instances": [
        {
          "schema_version": 0,
          "attributes": {
            "id": "de-ai-25-loggen-repo",
            "policy": "{\"rules\":[{\"action\":{\"type\":\"expire\"},\"description\":\"keep 20 images\",\"rulePriority\":1,\"selection\":{\"countNumber\":20,\"countType\":\"imageCountMoreThan\",\"tagStatus\":\"any\"}}]}",
            "region": "ap-northeast-2",
            "registry_id": "827913617635",
            "repository": "de-ai-25-loggen-repo"
          },
          "sensitive_attributes": [],
          "identity_schema_version": 0,
          "identity": {
            "account_id": "827913617635",
            "region": "ap-northeast-2",
            "repository": "de-ai-25-loggen-repo"
          },
          "private": "bnVsbA==",
          "dependencies": [
            "aws_ecr_repository.generator"
          ]
        }
      ]
    },
    {
      "mode": "managed",
      "type": "aws_ecr_repository",
      "name": "generator",
      "provider": "provider[\"registry.terraform.io/hashicorp/aws\"]",
      "instances": [
        {
          "schema_version": 0,
          "attributes": {
            "arn": "arn:aws:ecr:ap-northeast-2:827913617635:repository/de-ai-25-loggen-repo",
            "encryption_configuration": [
              {
                "encryption_type": "AES256",
                "kms_key": ""
              }
            ],
            "force_delete": true,
            "id": "de-ai-25-loggen-repo",
            "image_scanning_configuration": [
              {
                "scan_on_push": true
              }
            ],
            "image_tag_mutability": "MUTABLE",
            "image_tag_mutability_exclusion_filter": [],
            "name": "de-ai-25-loggen-repo",
            "region": "ap-northeast-2",
            "registry_id": "827913617635",
            "repository_url": "827913617635.dkr.ecr.ap-northeast-2.amazonaws.com/de-ai-25-loggen-repo",
            "tags": {},
            "tags_all": {
              "ManageBy": "Terraform",
              "Project": "de-ai-25-loggen",
              "Purpose": "로그 제너레이터"
            },
            "timeouts": null
          },
          "sensitive_attributes": [],
          "identity_schema_version": 0,
          "identity": {
            "account_id": "827913617635",
            "name": "de-ai-25-loggen-repo",
            "region": "ap-northeast-2"
          },
          "private": "eyJlMmJmYjczMC1lY2FhLTExZTYtOGY4OC0zNDM2M2JjN2M0YzAiOnsiZGVsZXRlIjoxMjAwMDAwMDAwMDAwfX0="
        }
      ]
    },
    {
      "mode": "managed",
      "type": "aws_ecs_cluster",
      "name": "this",
      "provider": "provider[\"registry.terraform.io/hashicorp/aws\"]",
      "instances": [
        {
          "schema_version": 0,
          "attributes": {
            "arn": "arn:aws:ecs:ap-northeast-2:827913617635:cluster/de-ai-25-loggen-cluster",
            "configuration": [],
            "id": "arn:aws:ecs:ap-northeast-2:827913617635:cluster/de-ai-25-loggen-cluster",
            "name": "de-ai-25-loggen-cluster",
            "region": "ap-northeast-2",
            "service_connect_defaults": [],
            "setting": [
              {
                "name": "containerInsights",
                "value": "disabled"
              }
            ],
            "tags": {},
            "tags_all": {
              "ManageBy": "Terraform",
              "Project": "de-ai-25-loggen",
              "Purpose": "로그 제너레이터"
            }
          },
          "sensitive_attributes": [],
          "identity_schema_version": 0,
          "private": "bnVsbA=="
        }
      ]
    },
    {
      "mode": "managed",
      "type": "aws_ecs_task_definition",
      "name": "generator",
      "provider": "provider[\"registry.terraform.io/hashicorp/aws\"]",
      "instances": [
        {
          "schema_version": 1,
          "attributes": {
            "arn": "arn:aws:ecs:ap-northeast-2:827913617635:task-definition/de-ai-25-loggen-task:10",
            "arn_without_revision": "arn:aws:ecs:ap-northeast-2:827913617635:task-definition/de-ai-25-loggen-task",
            "container_definitions": "[{\"environment\":[{\"name\":\"BASE_RPS\",\"value\":\"2.0\"},{\"name\":\"CORRUPTION_RATE\",\"value\":\"0.03\"},{\"name\":\"DOMAIN\",\"value\":\"ecommerce\"},{\"name\":\"DURATION_SECONDS\",\"value\":\"300\"},{\"name\":\"ENVIRONMENT\",\"value\":\"simulation\"},{\"name\":\"FAKER_LOCALE\",\"value\":\"ko_KR\"},{\"name\":\"INCLUDE_CORRUPTION_LABEL\",\"value\":\"false\"},{\"name\":\"KINESIS_ENABLED\",\"value\":\"true\"},{\"name\":\"KINESIS_STREAM_NAME\",\"value\":\"de-ai-25-loggen-kinesis\"},{\"name\":\"LOG_FILE\",\"value\":\"/tmp/generated-logs.jsonl\"},{\"name\":\"MAX_EVENTS\",\"value\":\"0\"},{\"name\":\"OUTPUT_MODE\",\"value\":\"stdout\"},{\"name\":\"RUN_ID\",\"value\":\"manual\"},{\"name\":\"TIMEZONE\",\"value\":\"Asia/Seoul\"},{\"name\":\"TIME_SCALE\",\"value\":\"1.0\"}],\"essential\":true,\"image\":\"827913617635.dkr.ecr.ap-northeast-2.amazonaws.com/de-ai-25-loggen-repo:latest\",\"logConfiguration\":{\"logDriver\":\"awslogs\",\"options\":{\"awslogs-group\":\"/ecs/de-ai-25-loggen\",\"awslogs-region\":\"ap-northeast-2\",\"awslogs-stream-prefix\":\"generator\"}},\"mountPoints\":[],\"name\":\"log-generator\",\"portMappings\":[],\"systemControls\":[],\"volumesFrom\":[]}]",
            "cpu": "512",
            "enable_fault_injection": false,
            "ephemeral_storage": [],
            "execution_role_arn": "arn:aws:iam::827913617635:role/de-ai-25-loggen-ecs-execution",
            "family": "de-ai-25-loggen-task",
            "id": "de-ai-25-loggen-task",
            "ipc_mode": "",
            "memory": "1024",
            "network_mode": "awsvpc",
            "pid_mode": "",
            "placement_constraints": [],
            "proxy_configuration": [],
            "region": "ap-northeast-2",
            "requires_compatibilities": [
              "FARGATE"
            ],
            "revision": 10,
            "runtime_platform": [
              {
                "cpu_architecture": "X86_64",
                "operating_system_family": "LINUX"
              }
            ],
            "skip_destroy": false,
            "tags": {},
            "tags_all": {
              "ManageBy": "Terraform",
              "Project": "de-ai-25-loggen",
              "Purpose": "로그 제너레이터"
            },
            "task_role_arn": "arn:aws:iam::827913617635:role/de-ai-25-loggen-ecs-task",
            "track_latest": false,
            "volume": []
          },
          "sensitive_attributes": [],
          "identity_schema_version": 0,
          "identity": {
            "account_id": "827913617635",
            "family": "de-ai-25-loggen-task",
            "region": "ap-northeast-2",
            "revision": 10
          },
          "private": "eyJzY2hlbWFfdmVyc2lvbiI6IjEifQ==",
          "dependencies": [
            "aws_cloudwatch_log_group.generator",
            "aws_ecr_repository.generator",
            "aws_iam_role.ecs_execution",
            "aws_iam_role.ecs_task_kinesis",
            "aws_kinesis_stream.logs",
            "data.aws_iam_policy_document.ecs_tasks_assume"
          ]
        }
      ]
    },
    {
      "mode": "managed",
      "type": "aws_iam_role",
      "name": "ecs_execution",
      "provider": "provider[\"registry.terraform.io/hashicorp/aws\"]",
      "instances": [
        {
          "schema_version": 0,
          "attributes": {
            "arn": "arn:aws:iam::827913617635:role/de-ai-25-loggen-ecs-execution",
            "assume_role_policy": "{\"Statement\":[{\"Action\":\"sts:AssumeRole\",\"Effect\":\"Allow\",\"Principal\":{\"Service\":\"ecs-tasks.amazonaws.com\"}}],\"Version\":\"2012-10-17\"}",
            "create_date": "2026-08-21T07:37:46Z",
            "description": "",
            "force_detach_policies": false,
            "id": "de-ai-25-loggen-ecs-execution",
            "inline_policy": [],
            "managed_policy_arns": [
              "arn:aws:iam::aws:policy/service-role/AmazonECSTaskExecutionRolePolicy"
            ],
            "max_session_duration": 3600,
            "name": "de-ai-25-loggen-ecs-execution",
            "name_prefix": "",
            "path": "/",
            "permissions_boundary": "",
            "tags": {},
            "tags_all": {
              "ManageBy": "Terraform",
              "Project": "de-ai-25-loggen",
              "Purpose": "로그 제너레이터"
            },
            "unique_id": "AROA4BQ37IDRTPET2UGED"
          },
          "sensitive_attributes": [],
          "identity_schema_version": 0,
          "identity": {
            "account_id": "827913617635",
            "name": "de-ai-25-loggen-ecs-execution"
          },
          "private": "bnVsbA==",
          "dependencies": [
            "data.aws_iam_policy_document.ecs_tasks_assume"
          ]
        }
      ]
    },
    {
      "mode": "managed",
      "type": "aws_iam_role",
      "name": "ecs_task_kinesis",
      "provider": "provider[\"registry.terraform.io/hashicorp/aws\"]",
      "instances": [
        {
          "schema_version": 0,
          "attributes": {
            "arn": "arn:aws:iam::827913617635:role/de-ai-25-loggen-ecs-task",
            "assume_role_policy": "{\"Statement\":[{\"Action\":\"sts:AssumeRole\",\"Effect\":\"Allow\",\"Principal\":{\"Service\":\"ecs-tasks.amazonaws.com\"}}],\"Version\":\"2012-10-17\"}",
            "create_date": "2026-08-21T07:37:46Z",
            "description": "",
            "force_detach_policies": false,
            "id": "de-ai-25-loggen-ecs-task",
            "inline_policy": [
              {
                "name": "de-ai-25-loggen-kinesis-write",
                "policy": "{\"Version\":\"2012-10-17\",\"Statement\":[{\"Action\":[\"kinesis:PutRecords\",\"kinesis:PutRecord\"],\"Effect\":\"Allow\",\"Resource\":\"arn:aws:kinesis:ap-northeast-2:827913617635:stream/de-ai-25-loggen-kinesis\"}]}"
              }
            ],
            "managed_policy_arns": [],
            "max_session_duration": 3600,
            "name": "de-ai-25-loggen-ecs-task",
            "name_prefix": "",
            "path": "/",
            "permissions_boundary": "",
            "tags": {},
            "tags_all": {
              "ManageBy": "Terraform",
              "Project": "de-ai-25-loggen",
              "Purpose": "로그 제너레이터"
            },
            "unique_id": "AROA4BQ37IDRY4JNUNX7J"
          },
          "sensitive_attributes": [],
          "identity_schema_version": 0,
          "identity": {
            "account_id": "827913617635",
            "name": "de-ai-25-loggen-ecs-task"
          },
          "private": "bnVsbA==",
          "dependencies": [
            "data.aws_iam_policy_document.ecs_tasks_assume"
          ]
        }
      ]
    },
    {
      "mode": "managed",
      "type": "aws_iam_role",
      "name": "firehose",
      "provider": "provider[\"registry.terraform.io/hashicorp/aws\"]",
      "instances": [
        {
          "schema_version": 0,
          "attributes": {
            "arn": "arn:aws:iam::827913617635:role/de-ai-25-loggen-firehose-role",
            "assume_role_policy": "{\"Statement\":[{\"Action\":\"sts:AssumeRole\",\"Effect\":\"Allow\",\"Principal\":{\"Service\":\"firehose.amazonaws.com\"}}],\"Version\":\"2012-10-17\"}",
            "create_date": "2026-08-21T07:38:01Z",
            "description": "",
            "force_detach_policies": false,
            "id": "de-ai-25-loggen-firehose-role",
            "inline_policy": [
              {
                "name": "de-ai-25-loggen-firehose-s3-policy",
                "policy": "{\"Version\":\"2012-10-17\",\"Statement\":[{\"Action\":[\"kinesis:ListShards\",\"kinesis:GetShardIterator\",\"kinesis:GetRecords\",\"kinesis:DescribeStream\"],\"Effect\":\"Allow\",\"Resource\":\"arn:aws:kinesis:ap-northeast-2:827913617635:stream/de-ai-25-loggen-kinesis\"},{\"Action\":[\"s3:PutObject\",\"s3:ListBucket\",\"s3:GetBucketLocation\",\"s3:AbortMultipartUpload\"],\"Effect\":\"Allow\",\"Resource\":[\"arn:aws:s3:::de-ai-25-loggen-s3-bk-827913617635/*\",\"arn:aws:s3:::de-ai-25-loggen-s3-bk-827913617635\"]}]}"
              }
            ],
            "managed_policy_arns": [],
            "max_session_duration": 3600,
            "name": "de-ai-25-loggen-firehose-role",
            "name_prefix": "",
            "path": "/",
            "permissions_boundary": "",
            "tags": {},
            "tags_all": {
              "ManageBy": "Terraform",
              "Project": "de-ai-25-loggen",
              "Purpose": "로그 제너레이터"
            },
            "unique_id": "AROA4BQ37IDR5K57SUHKP"
          },
          "sensitive_attributes": [],
          "identity_schema_version": 0,
          "identity": {
            "account_id": "827913617635",
            "name": "de-ai-25-loggen-firehose-role"
          },
          "private": "bnVsbA==",
          "dependencies": [
            "data.aws_iam_policy_document.firehose_assume"
          ]
        }
      ]
    },
    {
      "mode": "managed",
      "type": "aws_iam_role",
      "name": "firehose_rejected",
      "provider": "provider[\"registry.terraform.io/hashicorp/aws\"]",
      "instances": [
        {
          "schema_version": 0,
          "attributes": {
            "arn": "arn:aws:iam::827913617635:role/de-ai-25-loggen-firehose-rejected-role",
            "assume_role_policy": "{\"Statement\":[{\"Action\":\"sts:AssumeRole\",\"Effect\":\"Allow\",\"Principal\":{\"Service\":\"firehose.amazonaws.com\"}}],\"Version\":\"2012-10-17\"}",
            "create_date": "2026-08-25T00:21:32Z",
            "description": "",
            "force_detach_policies": false,
            "id": "de-ai-25-loggen-firehose-rejected-role",
            "inline_policy": [],
            "managed_policy_arns": [],
            "max_session_duration": 3600,
            "name": "de-ai-25-loggen-firehose-rejected-role",
            "name_prefix": "",
            "path": "/",
            "permissions_boundary": "",
            "tags": null,
            "tags_all": {
              "ManageBy": "Terraform",
              "Project": "de-ai-25-loggen",
              "Purpose": "로그 제너레이터"
            },
            "unique_id": "AROA4BQ37IDR4DZBBP4VS"
          },
          "sensitive_attributes": [],
          "identity_schema_version": 0,
          "identity": {
            "account_id": "827913617635",
            "name": "de-ai-25-loggen-firehose-rejected-role"
          },
          "private": "bnVsbA==",
          "dependencies": [
            "data.aws_iam_policy_document.firehose_rejected_assume"
          ]
        }
      ]
    },
    {
      "mode": "managed",
      "type": "aws_iam_role",
      "name": "firehose_silver",
      "provider": "provider[\"registry.terraform.io/hashicorp/aws\"]",
      "instances": [
        {
          "schema_version": 0,
          "attributes": {
            "arn": "arn:aws:iam::827913617635:role/de-ai-25-loggen-firehose-silver-role",
            "assume_role_policy": "{\"Statement\":[{\"Action\":\"sts:AssumeRole\",\"Effect\":\"Allow\",\"Principal\":{\"Service\":\"firehose.amazonaws.com\"}}],\"Version\":\"2012-10-17\"}",
            "create_date": "2026-08-21T07:37:46Z",
            "description": "",
            "force_detach_policies": false,
            "id": "de-ai-25-loggen-firehose-silver-role",
            "inline_policy": [
              {
                "name": "de-ai-25-loggen-firehose-silver-s3-policy",
                "policy": "{\"Version\":\"2012-10-17\",\"Statement\":[{\"Action\":[\"kinesis:ListShards\",\"kinesis:GetShardIterator\",\"kinesis:GetRecords\",\"kinesis:DescribeStreamSummary\",\"kinesis:DescribeStream\"],\"Effect\":\"Allow\",\"Resource\":\"arn:aws:kinesis:ap-northeast-2:827913617635:stream/de-ai-25-loggen-silver-kinesis\"},{\"Action\":[\"s3:PutObject\",\"s3:ListBucket\",\"s3:GetBucketLocation\",\"s3:AbortMultipartUpload\"],\"Effect\":\"Allow\",\"Resource\":[\"arn:aws:s3:::de-ai-25-loggen-s3-bk-827913617635/*\",\"arn:aws:s3:::de-ai-25-loggen-s3-bk-827913617635\"]}]}"
              }
            ],
            "managed_policy_arns": [],
            "max_session_duration": 3600,
            "name": "de-ai-25-loggen-firehose-silver-role",
            "name_prefix": "",
            "path": "/",
            "permissions_boundary": "",
            "tags": {},
            "tags_all": {
              "ManageBy": "Terraform",
              "Project": "de-ai-25-loggen",
              "Purpose": "로그 제너레이터"
            },
            "unique_id": "AROA4BQ37IDR2B7BTT25O"
          },
          "sensitive_attributes": [],
          "identity_schema_version": 0,
          "identity": {
            "account_id": "827913617635",
            "name": "de-ai-25-loggen-firehose-silver-role"
          },
          "private": "bnVsbA==",
          "dependencies": [
            "data.aws_iam_policy_document.firehose_silver_assume"
          ]
        }
      ]
    },
    {
      "mode": "managed",
      "type": "aws_iam_role",
      "name": "flink",
      "provider": "provider[\"registry.terraform.io/hashicorp/aws\"]",
      "instances": [
        {
          "schema_version": 0,
          "attributes": {
            "arn": "arn:aws:iam::827913617635:role/de-ai-25-loggen-flink-role",
            "assume_role_policy": "{\"Statement\":[{\"Action\":\"sts:AssumeRole\",\"Effect\":\"Allow\",\"Principal\":{\"Service\":\"kinesisanalytics.amazonaws.com\"}}],\"Version\":\"2012-10-17\"}",
            "create_date": "2026-08-21T07:37:46Z",
            "description": "",
            "force_detach_policies": false,
            "id": "de-ai-25-loggen-flink-role",
            "inline_policy": [
              {
                "name": "de-ai-25-loggen-flink-policy",
                "policy": "{\"Version\":\"2012-10-17\",\"Statement\":[{\"Action\":[\"kinesis:ListShards\",\"kinesis:GetShardIterator\",\"kinesis:GetRecords\",\"kinesis:DescribeStreamSummary\",\"kinesis:DescribeStream\"],\"Effect\":\"Allow\",\"Resource\":\"arn:aws:kinesis:ap-northeast-2:827913617635:stream/de-ai-25-loggen-kinesis\",\"Sid\":\"ReadBronzeKinesis\"},{\"Action\":[\"kinesis:PutRecords\",\"kinesis:PutRecord\"],\"Effect\":\"Allow\",\"Resource\":\"arn:aws:kinesis:ap-northeast-2:827913617635:stream/de-ai-25-loggen-silver-kinesis\",\"Sid\":\"WriteSilverKinesis\"},{\"Action\":[\"s3:GetObjectVersion\",\"s3:GetObject\"],\"Effect\":\"Allow\",\"Resource\":\"arn:aws:s3:::de-ai-25-loggen-s3-bk-827913617635/flink/*\",\"Sid\":\"ReadFlinkCode\"},{\"Action\":[\"logs:DescribeLogStreams\",\"logs:DescribeLogGroups\"],\"Effect\":\"Allow\",\"Resource\":\"*\",\"Sid\":\"DescribeFlinkLog\"},{\"Action\":\"logs:PutLogEvents\",\"Effect\":\"Allow\",\"Resource\":\"arn:aws:logs:ap-northeast-2:827913617635:log-group:/aws/kinesis-analysis/de-ai-25-loggen-silver-flink:*\",\"Sid\":\"WriteFlinkLog\"}]}"
              }
            ],
            "managed_policy_arns": [],
            "max_session_duration": 3600,
            "name": "de-ai-25-loggen-flink-role",
            "name_prefix": "",
            "path": "/",
            "permissions_boundary": "",
            "tags": {},
            "tags_all": {
              "ManageBy": "Terraform",
              "Project": "de-ai-25-loggen",
              "Purpose": "로그 제너레이터"
            },
            "unique_id": "AROA4BQ37IDR5FGONWSNG"
          },
          "sensitive_attributes": [],
          "identity_schema_version": 0,
          "identity": {
            "account_id": "827913617635",
            "name": "de-ai-25-loggen-flink-role"
          },
          "private": "bnVsbA==",
          "dependencies": [
            "data.aws_iam_policy_document.flink_assume"
          ]
        }
      ]
    },
    {
      "mode": "managed",
      "type": "aws_iam_role_policy",
      "name": "ecs_task_kinesis",
      "provider": "provider[\"registry.terraform.io/hashicorp/aws\"]",
      "instances": [
        {
          "schema_version": 0,
          "attributes": {
            "id": "de-ai-25-loggen-ecs-task:de-ai-25-loggen-kinesis-write",
            "name": "de-ai-25-loggen-kinesis-write",
            "name_prefix": "",
            "policy": "{\"Version\":\"2012-10-17\",\"Statement\":[{\"Action\":[\"kinesis:PutRecords\",\"kinesis:PutRecord\"],\"Effect\":\"Allow\",\"Resource\":\"arn:aws:kinesis:ap-northeast-2:827913617635:stream/de-ai-25-loggen-kinesis\"}]}",
            "role": "de-ai-25-loggen-ecs-task"
          },
          "sensitive_attributes": [],
          "identity_schema_version": 0,
          "identity": {
            "account_id": "827913617635",
            "name": "de-ai-25-loggen-kinesis-write",
            "role": "de-ai-25-loggen-ecs-task"
          },
          "private": "bnVsbA==",
          "dependencies": [
            "aws_iam_role.ecs_task_kinesis",
            "aws_kinesis_stream.logs",
            "data.aws_iam_policy_document.ecs_task_kinesis",
            "data.aws_iam_policy_document.ecs_tasks_assume"
          ]
        }
      ]
    },
    {
      "mode": "managed",
      "type": "aws_iam_role_policy",
      "name": "firehose",
      "provider": "provider[\"registry.terraform.io/hashicorp/aws\"]",
      "instances": [
        {
          "schema_version": 0,
          "attributes": {
            "id": "de-ai-25-loggen-firehose-role:de-ai-25-loggen-firehose-s3-policy",
            "name": "de-ai-25-loggen-firehose-s3-policy",
            "name_prefix": "",
            "policy": "{\"Version\":\"2012-10-17\",\"Statement\":[{\"Action\":[\"kinesis:ListShards\",\"kinesis:GetShardIterator\",\"kinesis:GetRecords\",\"kinesis:DescribeStream\"],\"Effect\":\"Allow\",\"Resource\":\"arn:aws:kinesis:ap-northeast-2:827913617635:stream/de-ai-25-loggen-kinesis\"},{\"Action\":[\"s3:PutObject\",\"s3:ListBucket\",\"s3:GetBucketLocation\",\"s3:AbortMultipartUpload\"],\"Effect\":\"Allow\",\"Resource\":[\"arn:aws:s3:::de-ai-25-loggen-s3-bk-827913617635/*\",\"arn:aws:s3:::de-ai-25-loggen-s3-bk-827913617635\"]}]}",
            "role": "de-ai-25-loggen-firehose-role"
          },
          "sensitive_attributes": [],
          "identity_schema_version": 0,
          "identity": {
            "account_id": "827913617635",
            "name": "de-ai-25-loggen-firehose-s3-policy",
            "role": "de-ai-25-loggen-firehose-role"
          },
          "private": "bnVsbA==",
          "dependencies": [
            "aws_iam_role.firehose",
            "aws_kinesis_stream.logs",
            "aws_s3_bucket.data",
            "data.aws_caller_identity.current",
            "data.aws_iam_policy_document.firehose_assume",
            "data.aws_iam_policy_document.firehose_s3"
          ]
        }
      ]
    },
    {
      "mode": "managed",
      "type": "aws_iam_role_policy",
      "name": "firehose_rejected",
      "provider": "provider[\"registry.terraform.io/hashicorp/aws\"]",
      "instances": [
        {
          "schema_version": 0,
          "attributes": {
            "id": "de-ai-25-loggen-firehose-rejected-role:de-ai-25-loggen-firehose-rejected-s3-policy",
            "name": "de-ai-25-loggen-firehose-rejected-s3-policy",
            "name_prefix": "",
            "policy": "{\"Version\":\"2012-10-17\",\"Statement\":[{\"Action\":[\"kinesis:ListShards\",\"kinesis:GetShardIterator\",\"kinesis:GetRecords\",\"kinesis:DescribeStreamSummary\",\"kinesis:DescribeStream\"],\"Effect\":\"Allow\",\"Resource\":\"arn:aws:kinesis:ap-northeast-2:827913617635:stream/de-ai-25-loggen-rejected-kinesis\"},{\"Action\":[\"s3:PutObject\",\"s3:ListBucket\",\"s3:GetBucketLocation\",\"s3:AbortMultipartUpload\"],\"Effect\":\"Allow\",\"Resource\":[\"arn:aws:s3:::de-ai-25-loggen-s3-bk-827913617635/*\",\"arn:aws:s3:::de-ai-25-loggen-s3-bk-827913617635\"]}]}",
            "role": "de-ai-25-loggen-firehose-rejected-role"
          },
          "sensitive_attributes": [],
          "identity_schema_version": 0,
          "identity": {
            "account_id": "827913617635",
            "name": "de-ai-25-loggen-firehose-rejected-s3-policy",
            "role": "de-ai-25-loggen-firehose-rejected-role"
          },
          "private": "bnVsbA==",
          "dependencies": [
            "aws_iam_role.firehose_rejected",
            "aws_kinesis_stream.rejected",
            "aws_s3_bucket.data",
            "data.aws_caller_identity.current",
            "data.aws_iam_policy_document.firehose_rejected",
            "data.aws_iam_policy_document.firehose_rejected_assume"
          ]
        }
      ]
    },
    {
      "mode": "managed",
      "type": "aws_iam_role_policy",
      "name": "firehose_silver",
      "provider": "provider[\"registry.terraform.io/hashicorp/aws\"]",
      "instances": [
        {
          "schema_version": 0,
          "attributes": {
            "id": "de-ai-25-loggen-firehose-silver-role:de-ai-25-loggen-firehose-silver-s3-policy",
            "name": "de-ai-25-loggen-firehose-silver-s3-policy",
            "name_prefix": "",
            "policy": "{\"Version\":\"2012-10-17\",\"Statement\":[{\"Action\":[\"kinesis:ListShards\",\"kinesis:GetShardIterator\",\"kinesis:GetRecords\",\"kinesis:DescribeStreamSummary\",\"kinesis:DescribeStream\"],\"Effect\":\"Allow\",\"Resource\":\"arn:aws:kinesis:ap-northeast-2:827913617635:stream/de-ai-25-loggen-silver-kinesis\"},{\"Action\":[\"s3:PutObject\",\"s3:ListBucket\",\"s3:GetBucketLocation\",\"s3:AbortMultipartUpload\"],\"Effect\":\"Allow\",\"Resource\":[\"arn:aws:s3:::de-ai-25-loggen-s3-bk-827913617635/*\",\"arn:aws:s3:::de-ai-25-loggen-s3-bk-827913617635\"]}]}",
            "role": "de-ai-25-loggen-firehose-silver-role"
          },
          "sensitive_attributes": [],
          "identity_schema_version": 0,
          "identity": {
            "account_id": "827913617635",
            "name": "de-ai-25-loggen-firehose-silver-s3-policy",
            "role": "de-ai-25-loggen-firehose-silver-role"
          },
          "private": "bnVsbA==",
          "dependencies": [
            "aws_iam_role.firehose_silver",
            "aws_kinesis_stream.silver",
            "aws_s3_bucket.data",
            "data.aws_caller_identity.current",
            "data.aws_iam_policy_document.firehose_silver",
            "data.aws_iam_policy_document.firehose_silver_assume"
          ]
        }
      ]
    },
    {
      "mode": "managed",
      "type": "aws_iam_role_policy",
      "name": "flink",
      "provider": "provider[\"registry.terraform.io/hashicorp/aws\"]",
      "instances": [
        {
          "schema_version": 0,
          "attributes": {
            "id": "de-ai-25-loggen-flink-role:de-ai-25-loggen-flink-policy",
            "name": "de-ai-25-loggen-flink-policy",
            "name_prefix": "",
            "policy": "{\"Version\":\"2012-10-17\",\"Statement\":[{\"Action\":[\"kinesis:ListShards\",\"kinesis:GetShardIterator\",\"kinesis:GetRecords\",\"kinesis:DescribeStreamSummary\",\"kinesis:DescribeStream\"],\"Effect\":\"Allow\",\"Resource\":\"arn:aws:kinesis:ap-northeast-2:827913617635:stream/de-ai-25-loggen-kinesis\",\"Sid\":\"ReadBronzeKinesis\"},{\"Action\":[\"kinesis:PutRecords\",\"kinesis:PutRecord\"],\"Effect\":\"Allow\",\"Resource\":\"arn:aws:kinesis:ap-northeast-2:827913617635:stream/de-ai-25-loggen-silver-kinesis\",\"Sid\":\"WriteSilverKinesis\"},{\"Action\":[\"s3:GetObjectVersion\",\"s3:GetObject\"],\"Effect\":\"Allow\",\"Resource\":\"arn:aws:s3:::de-ai-25-loggen-s3-bk-827913617635/flink/*\",\"Sid\":\"ReadFlinkCode\"},{\"Action\":[\"logs:DescribeLogStreams\",\"logs:DescribeLogGroups\"],\"Effect\":\"Allow\",\"Resource\":\"*\",\"Sid\":\"DescribeFlinkLog\"},{\"Action\":\"logs:PutLogEvents\",\"Effect\":\"Allow\",\"Resource\":\"arn:aws:logs:ap-northeast-2:827913617635:log-group:/aws/kinesis-analysis/de-ai-25-loggen-silver-flink:*\",\"Sid\":\"WriteFlinkLog\"}]}",
            "role": "de-ai-25-loggen-flink-role"
          },
          "sensitive_attributes": [],
          "identity_schema_version": 0,
          "identity": {
            "account_id": "827913617635",
            "name": "de-ai-25-loggen-flink-policy",
            "role": "de-ai-25-loggen-flink-role"
          },
          "private": "bnVsbA==",
          "dependencies": [
            "aws_cloudwatch_log_group.flink",
            "aws_iam_role.flink",
            "aws_kinesis_stream.logs",
            "aws_kinesis_stream.silver",
            "aws_s3_bucket.data",
            "data.aws_caller_identity.current",
            "data.aws_iam_policy_document.flink",
            "data.aws_iam_policy_document.flink_assume"
          ]
        }
      ]
    },
    {
      "mode": "managed",
      "type": "aws_iam_role_policy_attachment",
      "name": "ecs_execution",
      "provider": "provider[\"registry.terraform.io/hashicorp/aws\"]",
      "instances": [
        {
          "schema_version": 0,
          "attributes": {
            "id": "de-ai-25-loggen-ecs-execution/arn:aws:iam::aws:policy/service-role/AmazonECSTaskExecutionRolePolicy",
            "policy_arn": "arn:aws:iam::aws:policy/service-role/AmazonECSTaskExecutionRolePolicy",
            "role": "de-ai-25-loggen-ecs-execution"
          },
          "sensitive_attributes": [],
          "identity_schema_version": 0,
          "identity": {
            "account_id": "827913617635",
            "policy_arn": "arn:aws:iam::aws:policy/service-role/AmazonECSTaskExecutionRolePolicy",
            "role": "de-ai-25-loggen-ecs-execution"
          },
          "private": "bnVsbA==",
          "dependencies": [
            "aws_iam_role.ecs_execution",
            "data.aws_iam_policy_document.ecs_tasks_assume"
          ]
        }
      ]
    },
    {
      "mode": "managed",
      "type": "aws_internet_gateway",
      "name": "this",
      "provider": "provider[\"registry.terraform.io/hashicorp/aws\"]",
      "instances": [
        {
          "schema_version": 0,
          "attributes": {
            "arn": "arn:aws:ec2:ap-northeast-2:827913617635:internet-gateway/igw-0c3c3267d9668fba9",
            "id": "igw-0c3c3267d9668fba9",
            "owner_id": "827913617635",
            "region": "ap-northeast-2",
            "tags": {
              "Name": "de-ai-25-loggen-igw"
            },
            "tags_all": {
              "ManageBy": "Terraform",
              "Name": "de-ai-25-loggen-igw",
              "Project": "de-ai-25-loggen",
              "Purpose": "로그 제너레이터"
            },
            "timeouts": null,
            "vpc_id": "vpc-0d129f55b0fd791fd"
          },
          "sensitive_attributes": [],
          "identity_schema_version": 0,
          "identity": {
            "account_id": "827913617635",
            "id": "igw-0c3c3267d9668fba9",
            "region": "ap-northeast-2"
          },
          "private": "eyJlMmJmYjczMC1lY2FhLTExZTYtOGY4OC0zNDM2M2JjN2M0YzAiOnsiY3JlYXRlIjoxMjAwMDAwMDAwMDAwLCJkZWxldGUiOjEyMDAwMDAwMDAwMDAsInVwZGF0ZSI6MTIwMDAwMDAwMDAwMH19",
          "dependencies": [
            "aws_vpc.this"
          ]
        }
      ]
    },
    {
      "mode": "managed",
      "type": "aws_kinesis_firehose_delivery_stream",
      "name": "logs",
      "provider": "provider[\"registry.terraform.io/hashicorp/aws\"]",
      "instances": [
        {
          "schema_version": 1,
          "attributes": {
            "arn": "arn:aws:firehose:ap-northeast-2:827913617635:deliverystream/de-ai-25-loggen-firehose",
            "destination": "extended_s3",
            "destination_id": "destinationId-000000000001",
            "elasticsearch_configuration": [],
            "extended_s3_configuration": [
              {
                "bucket_arn": "arn:aws:s3:::de-ai-25-loggen-s3-bk-827913617635",
                "buffering_interval": 60,
                "buffering_size": 1,
                "cloudwatch_logging_options": [
                  {
                    "enabled": false,
                    "log_group_name": "",
                    "log_stream_name": ""
                  }
                ],
                "compression_format": "GZIP",
                "custom_time_zone": "Asia/Seoul",
                "data_format_conversion_configuration": [],
                "dynamic_partitioning_configuration": [],
                "error_output_prefix": "errors/bronze/!{firehose:error-output-type}/year=!{timestamp:yyyy}/month=!{timestamp:MM}/day=!{timestamp:dd}/hour=!{timestamp:HH}/",
                "file_extension": "",
                "kms_key_arn": "",
                "prefix": "bronze/year=!{timestamp:yyyy}/month=!{timestamp:MM}/day=!{timestamp:dd}/hour=!{timestamp:HH}/",
                "processing_configuration": [
                  {
                    "enabled": false,
                    "processors": []
                  }
                ],
                "role_arn": "arn:aws:iam::827913617635:role/de-ai-25-loggen-firehose-role",
                "s3_backup_configuration": [],
                "s3_backup_mode": "Disabled"
              }
            ],
            "http_endpoint_configuration": [],
            "iceberg_configuration": [],
            "id": "arn:aws:firehose:ap-northeast-2:827913617635:deliverystream/de-ai-25-loggen-firehose",
            "kinesis_source_configuration": [
              {
                "kinesis_stream_arn": "arn:aws:kinesis:ap-northeast-2:827913617635:stream/de-ai-25-loggen-kinesis",
                "role_arn": "arn:aws:iam::827913617635:role/de-ai-25-loggen-firehose-role"
              }
            ],
            "msk_source_configuration": [],
            "name": "de-ai-25-loggen-firehose",
            "opensearch_configuration": [],
            "opensearchserverless_configuration": [],
            "redshift_configuration": [],
            "region": "ap-northeast-2",
            "server_side_encryption": [
              {
                "enabled": false,
                "key_arn": "",
                "key_type": "AWS_OWNED_CMK"
              }
            ],
            "snowflake_configuration": [],
            "splunk_configuration": [],
            "tags": {},
            "tags_all": {
              "ManageBy": "Terraform",
              "Project": "de-ai-25-loggen",
              "Purpose": "로그 제너레이터"
            },
            "timeouts": null,
            "version_id": "1"
          },
          "sensitive_attributes": [],
          "identity_schema_version": 0,
          "identity": {
            "arn": "arn:aws:firehose:ap-northeast-2:827913617635:deliverystream/de-ai-25-loggen-firehose"
          },
          "private": "eyJlMmJmYjczMC1lY2FhLTExZTYtOGY4OC0zNDM2M2JjN2M0YzAiOnsiY3JlYXRlIjoxODAwMDAwMDAwMDAwLCJkZWxldGUiOjE4MDAwMDAwMDAwMDAsInVwZGF0ZSI6NjAwMDAwMDAwMDAwfSwic2NoZW1hX3ZlcnNpb24iOiIxIn0=",
          "dependencies": [
            "aws_iam_role.firehose",
            "aws_iam_role_policy.firehose",
            "aws_kinesis_stream.logs",
            "aws_s3_bucket.data",
            "data.aws_caller_identity.current",
            "data.aws_iam_policy_document.firehose_assume",
            "data.aws_iam_policy_document.firehose_s3"
          ]
        }
      ]
    },
    {
      "mode": "managed",
      "type": "aws_kinesis_firehose_delivery_stream",
      "name": "rejected",
      "provider": "provider[\"registry.terraform.io/hashicorp/aws\"]",
      "instances": [
        {
          "schema_version": 1,
          "attributes": {
            "arn": "arn:aws:firehose:ap-northeast-2:827913617635:deliverystream/de-ai-25-loggen-rejected-firehose",
            "destination": "extended_s3",
            "destination_id": "destinationId-000000000001",
            "elasticsearch_configuration": [],
            "extended_s3_configuration": [
              {
                "bucket_arn": "arn:aws:s3:::de-ai-25-loggen-s3-bk-827913617635",
                "buffering_interval": 60,
                "buffering_size": 1,
                "cloudwatch_logging_options": [
                  {
                    "enabled": false,
                    "log_group_name": "",
                    "log_stream_name": ""
                  }
                ],
                "compression_format": "GZIP",
                "custom_time_zone": "Asia/Seoul",
                "data_format_conversion_configuration": [],
                "dynamic_partitioning_configuration": [],
                "error_output_prefix": "errors/rejected/!{firehose:error-output-type}/year=!{timestamp:yyyy}/month=!{timestamp:MM}/day=!{timestamp:dd}/hour=!{timestamp:HH}/",
                "file_extension": "",
                "kms_key_arn": "",
                "prefix": "rejected/year=!{timestamp:yyyy}/month=!{timestamp:MM}/day=!{timestamp:dd}/hour=!{timestamp:HH}/",
                "processing_configuration": [
                  {
                    "enabled": false,
                    "processors": []
                  }
                ],
                "role_arn": "arn:aws:iam::827913617635:role/de-ai-25-loggen-firehose-rejected-role",
                "s3_backup_configuration": [],
                "s3_backup_mode": "Disabled"
              }
            ],
            "http_endpoint_configuration": [],
            "iceberg_configuration": [],
            "id": "arn:aws:firehose:ap-northeast-2:827913617635:deliverystream/de-ai-25-loggen-rejected-firehose",
            "kinesis_source_configuration": [
              {
                "kinesis_stream_arn": "arn:aws:kinesis:ap-northeast-2:827913617635:stream/de-ai-25-loggen-rejected-kinesis",
                "role_arn": "arn:aws:iam::827913617635:role/de-ai-25-loggen-firehose-rejected-role"
              }
            ],
            "msk_source_configuration": [],
            "name": "de-ai-25-loggen-rejected-firehose",
            "opensearch_configuration": [],
            "opensearchserverless_configuration": [],
            "redshift_configuration": [],
            "region": "ap-northeast-2",
            "server_side_encryption": [
              {
                "enabled": false,
                "key_arn": "",
                "key_type": "AWS_OWNED_CMK"
              }
            ],
            "snowflake_configuration": [],
            "splunk_configuration": [],
            "tags": null,
            "tags_all": {
              "ManageBy": "Terraform",
              "Project": "de-ai-25-loggen",
              "Purpose": "로그 제너레이터"
            },
            "timeouts": null,
            "version_id": "1"
          },
          "sensitive_attributes": [],
          "identity_schema_version": 0,
          "identity": {
            "arn": "arn:aws:firehose:ap-northeast-2:827913617635:deliverystream/de-ai-25-loggen-rejected-firehose"
          },
          "private": "eyJlMmJmYjczMC1lY2FhLTExZTYtOGY4OC0zNDM2M2JjN2M0YzAiOnsiY3JlYXRlIjoxODAwMDAwMDAwMDAwLCJkZWxldGUiOjE4MDAwMDAwMDAwMDAsInVwZGF0ZSI6NjAwMDAwMDAwMDAwfSwic2NoZW1hX3ZlcnNpb24iOiIxIn0=",
          "dependencies": [
            "aws_iam_role.firehose_rejected",
            "aws_iam_role_policy.firehose_rejected",
            "aws_kinesis_stream.rejected",
            "aws_s3_bucket.data",
            "data.aws_caller_identity.current",
            "data.aws_iam_policy_document.firehose_rejected",
            "data.aws_iam_policy_document.firehose_rejected_assume"
          ]
        }
      ]
    },
    {
      "mode": "managed",
      "type": "aws_kinesis_firehose_delivery_stream",
      "name": "silver",
      "provider": "provider[\"registry.terraform.io/hashicorp/aws\"]",
      "instances": [
        {
          "schema_version": 1,
          "attributes": {
            "arn": "arn:aws:firehose:ap-northeast-2:827913617635:deliverystream/de-ai-25-loggen-silver-firehose",
            "destination": "extended_s3",
            "destination_id": "destinationId-000000000001",
            "elasticsearch_configuration": [],
            "extended_s3_configuration": [
              {
                "bucket_arn": "arn:aws:s3:::de-ai-25-loggen-s3-bk-827913617635",
                "buffering_interval": 60,
                "buffering_size": 1,
                "cloudwatch_logging_options": [
                  {
                    "enabled": false,
                    "log_group_name": "",
                    "log_stream_name": ""
                  }
                ],
                "compression_format": "GZIP",
                "custom_time_zone": "Asia/Seoul",
                "data_format_conversion_configuration": [],
                "dynamic_partitioning_configuration": [],
                "error_output_prefix": "errors/silver/!{firehose:error-output-type}/year=!{timestamp:yyyy}/month=!{timestamp:MM}/day=!{timestamp:dd}/hour=!{timestamp:HH}/",
                "file_extension": "",
                "kms_key_arn": "",
                "prefix": "silver/year=!{timestamp:yyyy}/month=!{timestamp:MM}/day=!{timestamp:dd}/hour=!{timestamp:HH}/",
                "processing_configuration": [
                  {
                    "enabled": false,
                    "processors": []
                  }
                ],
                "role_arn": "arn:aws:iam::827913617635:role/de-ai-25-loggen-firehose-silver-role",
                "s3_backup_configuration": [],
                "s3_backup_mode": "Disabled"
              }
            ],
            "http_endpoint_configuration": [],
            "iceberg_configuration": [],
            "id": "arn:aws:firehose:ap-northeast-2:827913617635:deliverystream/de-ai-25-loggen-silver-firehose",
            "kinesis_source_configuration": [
              {
                "kinesis_stream_arn": "arn:aws:kinesis:ap-northeast-2:827913617635:stream/de-ai-25-loggen-silver-kinesis",
                "role_arn": "arn:aws:iam::827913617635:role/de-ai-25-loggen-firehose-silver-role"
              }
            ],
            "msk_source_configuration": [],
            "name": "de-ai-25-loggen-silver-firehose",
            "opensearch_configuration": [],
            "opensearchserverless_configuration": [],
            "redshift_configuration": [],
            "region": "ap-northeast-2",
            "server_side_encryption": [
              {
                "enabled": false,
                "key_arn": "",
                "key_type": "AWS_OWNED_CMK"
              }
            ],
            "snowflake_configuration": [],
            "splunk_configuration": [],
            "tags": {},
            "tags_all": {
              "ManageBy": "Terraform",
              "Project": "de-ai-25-loggen",
              "Purpose": "로그 제너레이터"
            },
            "timeouts": null,
            "version_id": "1"
          },
          "sensitive_attributes": [],
          "identity_schema_version": 0,
          "identity": {
            "arn": "arn:aws:firehose:ap-northeast-2:827913617635:deliverystream/de-ai-25-loggen-silver-firehose"
          },
          "private": "eyJlMmJmYjczMC1lY2FhLTExZTYtOGY4OC0zNDM2M2JjN2M0YzAiOnsiY3JlYXRlIjoxODAwMDAwMDAwMDAwLCJkZWxldGUiOjE4MDAwMDAwMDAwMDAsInVwZGF0ZSI6NjAwMDAwMDAwMDAwfSwic2NoZW1hX3ZlcnNpb24iOiIxIn0=",
          "dependencies": [
            "aws_iam_role.firehose_silver",
            "aws_iam_role_policy.firehose_silver",
            "aws_kinesis_stream.silver",
            "aws_s3_bucket.data",
            "data.aws_caller_identity.current",
            "data.aws_iam_policy_document.firehose_silver",
            "data.aws_iam_policy_document.firehose_silver_assume"
          ]
        }
      ]
    },
    {
      "mode": "managed",
      "type": "aws_kinesis_stream",
      "name": "logs",
      "provider": "provider[\"registry.terraform.io/hashicorp/aws\"]",
      "instances": [
        {
          "schema_version": 1,
          "attributes": {
            "arn": "arn:aws:kinesis:ap-northeast-2:827913617635:stream/de-ai-25-loggen-kinesis",
            "encryption_type": "NONE",
            "enforce_consumer_deletion": false,
            "id": "arn:aws:kinesis:ap-northeast-2:827913617635:stream/de-ai-25-loggen-kinesis",
            "kms_key_id": "",
            "max_record_size_in_kib": 1024,
            "name": "de-ai-25-loggen-kinesis",
            "region": "ap-northeast-2",
            "retention_period": 24,
            "shard_count": 1,
            "shard_level_metrics": [],
            "stream_mode_details": [
              {
                "stream_mode": "PROVISIONED"
              }
            ],
            "tags": {},
            "tags_all": {
              "ManageBy": "Terraform",
              "Project": "de-ai-25-loggen",
              "Purpose": "로그 제너레이터"
            },
            "timeouts": null,
            "warm_throughput_mib_ps": 0
          },
          "sensitive_attributes": [],
          "identity_schema_version": 0,
          "identity": {
            "account_id": "827913617635",
            "name": "de-ai-25-loggen-kinesis",
            "region": "ap-northeast-2"
          },
          "private": "eyJlMmJmYjczMC1lY2FhLTExZTYtOGY4OC0zNDM2M2JjN2M0YzAiOnsiY3JlYXRlIjozMDAwMDAwMDAwMDAsImRlbGV0ZSI6NzIwMDAwMDAwMDAwMCwidXBkYXRlIjo3MjAwMDAwMDAwMDAwfSwic2NoZW1hX3ZlcnNpb24iOiIxIn0="
        }
      ]
    },
    {
      "mode": "managed",
      "type": "aws_kinesis_stream",
      "name": "rejected",
      "provider": "provider[\"registry.terraform.io/hashicorp/aws\"]",
      "instances": [
        {
          "schema_version": 1,
          "attributes": {
            "arn": "arn:aws:kinesis:ap-northeast-2:827913617635:stream/de-ai-25-loggen-rejected-kinesis",
            "encryption_type": "NONE",
            "enforce_consumer_deletion": false,
            "id": "arn:aws:kinesis:ap-northeast-2:827913617635:stream/de-ai-25-loggen-rejected-kinesis",
            "kms_key_id": "",
            "max_record_size_in_kib": 1024,
            "name": "de-ai-25-loggen-rejected-kinesis",
            "region": "ap-northeast-2",
            "retention_period": 24,
            "shard_count": 1,
            "shard_level_metrics": null,
            "stream_mode_details": [
              {
                "stream_mode": "PROVISIONED"
              }
            ],
            "tags": {
              "DataLayer": "rejected"
            },
            "tags_all": {
              "DataLayer": "rejected",
              "ManageBy": "Terraform",
              "Project": "de-ai-25-loggen",
              "Purpose": "로그 제너레이터"
            },
            "timeouts": null,
            "warm_throughput_mib_ps": 0
          },
          "sensitive_attributes": [],
          "identity_schema_version": 0,
          "identity": {
            "account_id": "827913617635",
            "name": "de-ai-25-loggen-rejected-kinesis",
            "region": "ap-northeast-2"
          },
          "private": "eyJlMmJmYjczMC1lY2FhLTExZTYtOGY4OC0zNDM2M2JjN2M0YzAiOnsiY3JlYXRlIjozMDAwMDAwMDAwMDAsImRlbGV0ZSI6NzIwMDAwMDAwMDAwMCwidXBkYXRlIjo3MjAwMDAwMDAwMDAwfSwic2NoZW1hX3ZlcnNpb24iOiIxIn0="
        }
      ]
    },
    {
      "mode": "managed",
      "type": "aws_kinesis_stream",
      "name": "silver",
      "provider": "provider[\"registry.terraform.io/hashicorp/aws\"]",
      "instances": [
        {
          "schema_version": 1,
          "attributes": {
            "arn": "arn:aws:kinesis:ap-northeast-2:827913617635:stream/de-ai-25-loggen-silver-kinesis",
            "encryption_type": "NONE",
            "enforce_consumer_deletion": false,
            "id": "arn:aws:kinesis:ap-northeast-2:827913617635:stream/de-ai-25-loggen-silver-kinesis",
            "kms_key_id": "",
            "max_record_size_in_kib": 1024,
            "name": "de-ai-25-loggen-silver-kinesis",
            "region": "ap-northeast-2",
            "retention_period": 24,
            "shard_count": 1,
            "shard_level_metrics": [],
            "stream_mode_details": [
              {
                "stream_mode": "PROVISIONED"
              }
            ],
            "tags": {
              "DataLayer": "silver"
            },
            "tags_all": {
              "DataLayer": "silver",
              "ManageBy": "Terraform",
              "Project": "de-ai-25-loggen",
              "Purpose": "로그 제너레이터"
            },
            "timeouts": null,
            "warm_throughput_mib_ps": 0
          },
          "sensitive_attributes": [],
          "identity_schema_version": 0,
          "identity": {
            "account_id": "827913617635",
            "name": "de-ai-25-loggen-silver-kinesis",
            "region": "ap-northeast-2"
          },
          "private": "eyJlMmJmYjczMC1lY2FhLTExZTYtOGY4OC0zNDM2M2JjN2M0YzAiOnsiY3JlYXRlIjozMDAwMDAwMDAwMDAsImRlbGV0ZSI6NzIwMDAwMDAwMDAwMCwidXBkYXRlIjo3MjAwMDAwMDAwMDAwfSwic2NoZW1hX3ZlcnNpb24iOiIxIn0="
        }
      ]
    },
    {
      "mode": "managed",
      "type": "aws_kinesisanalyticsv2_application",
      "name": "silver",
      "provider": "provider[\"registry.terraform.io/hashicorp/aws\"].flink_no_tags",
      "instances": [
        {
          "schema_version": 0,
          "attributes": {
            "application_configuration": [
              {
                "application_code_configuration": [
                  {
                    "code_content": [
                      {
                        "s3_content_location": [
                          {
                            "bucket_arn": "arn:aws:s3:::de-ai-25-loggen-s3-bk-827913617635",
                            "file_key": "flink/applications/flink-silver-cacee04209af90d91cc6f8f09a8e7d08.zip",
                            "object_version": ""
                          }
                        ],
                        "text_content": ""
                      }
                    ],
                    "code_content_type": "ZIPFILE"
                  }
                ],
                "application_encryption_configuration": [
                  {
                    "key_id": "",
                    "key_type": "AWS_OWNED_KEY"
                  }
                ],
                "application_snapshot_configuration": [
                  {
                    "snapshots_enabled": false
                  }
                ],
                "environment_properties": [
                  {
                    "property_group": [
                      {
                        "property_group_id": "InputStream0",
                        "property_map": {
                          "aws.region": "ap-northeast-2",
                          "flink.source.init.position": "LATEST",
                          "stream.arn": "arn:aws:kinesis:ap-northeast-2:827913617635:stream/de-ai-25-loggen-kinesis"
                        }
                      },
                      {
                        "property_group_id": "OutputStream0",
                        "property_map": {
                          "aws.region": "ap-northeast-2",
                          "stream.arn": "arn:aws:kinesis:ap-northeast-2:827913617635:stream/de-ai-25-loggen-silver-kinesis"
                        }
                      },
                      {
                        "property_group_id": "RejectStream0",
                        "property_map": {
                          "aws.region": "ap-northeast-2",
                          "stream.arn": "arn:aws:kinesis:ap-northeast-2:827913617635:stream/de-ai-25-loggen-rejected-kinesis"
                        }
                      },
                      {
                        "property_group_id": "kinesis.analytics.flink.run.options",
                        "property_map": {
                          "jarfile": "lib/pyflink-dependencies.jar",
                          "pyFiles": "transform.py",
                          "python": "main.py"
                        }
                      }
                    ]
                  }
                ],
                "flink_application_configuration": [
                  {
                    "checkpoint_configuration": [
                      {
                        "checkpoint_interval": 60000,
                        "checkpointing_enabled": true,
                        "configuration_type": "DEFAULT",
                        "min_pause_between_checkpoints": 5000
                      }
                    ],
                    "monitoring_configuration": [
                      {
                        "configuration_type": "CUSTOM",
                        "log_level": "INFO",
                        "metrics_level": "APPLICATION"
                      }
                    ],
                    "parallelism_configuration": [
                      {
                        "auto_scaling_enabled": true,
                        "configuration_type": "CUSTOM",
                        "parallelism": 1,
                        "parallelism_per_kpu": 1
                      }
                    ]
                  }
                ],
                "run_configuration": [],
                "sql_application_configuration": [],
                "vpc_configuration": []
              }
            ],
            "application_mode": "STREAMING",
            "arn": "arn:aws:kinesisanalytics:ap-northeast-2:827913617635:application/de-ai-25-loggen-silver-flink",
            "cloudwatch_logging_options": [
              {
                "cloudwatch_logging_option_id": "1.1",
                "log_stream_arn": "arn:aws:logs:ap-northeast-2:827913617635:log-group:/aws/kinesis-analysis/de-ai-25-loggen-silver-flink:log-stream:de-ai-25-loggen-kinesis-analysis-log-stream"
              }
            ],
            "create_timestamp": "2026-08-21T08:18:28Z",
            "description": "Raw(Bronze) Kinesis events to Silver Kinesis using PyFlink",
            "force_stop": null,
            "id": "arn:aws:kinesisanalytics:ap-northeast-2:827913617635:application/de-ai-25-loggen-silver-flink",
            "last_update_timestamp": "2026-08-25T00:21:54Z",
            "name": "de-ai-25-loggen-silver-flink",
            "region": "ap-northeast-2",
            "runtime_environment": "FLINK-1_20",
            "service_execution_role": "arn:aws:iam::827913617635:role/de-ai-25-loggen-flink-role",
            "start_application": true,
            "status": "READY",
            "tags": {},
            "tags_all": {},
            "timeouts": null,
            "version_id": 2
          },
          "sensitive_attributes": [],
          "identity_schema_version": 0,
          "private": "eyJlMmJmYjczMC1lY2FhLTExZTYtOGY4OC0zNDM2M2JjN2M0YzAiOnsiY3JlYXRlIjo2MDAwMDAwMDAwMDAsImRlbGV0ZSI6NjAwMDAwMDAwMDAwLCJ1cGRhdGUiOjYwMDAwMDAwMDAwMH19",
          "dependencies": [
            "aws_cloudwatch_log_group.flink",
            "aws_cloudwatch_log_stream.flink",
            "aws_iam_role.flink",
            "aws_iam_role_policy.flink",
            "aws_kinesis_stream.logs",
            "aws_kinesis_stream.rejected",
            "aws_kinesis_stream.silver",
            "aws_s3_bucket.data",
            "aws_s3_bucket_public_access_block.data",
            "aws_s3_object.flink_app",
            "data.aws_caller_identity.current",
            "data.aws_iam_policy_document.flink",
            "data.aws_iam_policy_document.flink_assume"
          ]
        }
      ]
    },
    {
      "mode": "managed",
      "type": "aws_route",
      "name": "internet",
      "provider": "provider[\"registry.terraform.io/hashicorp/aws\"]",
      "instances": [
        {
          "schema_version": 0,
          "attributes": {
            "carrier_gateway_id": "",
            "core_network_arn": "",
            "destination_cidr_block": "0.0.0.0/0",
            "destination_ipv6_cidr_block": "",
            "destination_prefix_list_id": "",
            "egress_only_gateway_id": "",
            "gateway_id": "igw-0c3c3267d9668fba9",
            "id": "r-rtb-0369eb33ddff4d4571080289494",
            "instance_id": "",
            "instance_owner_id": "",
            "local_gateway_id": "",
            "nat_gateway_id": "",
            "network_interface_id": "",
            "odb_network_arn": "",
            "origin": "CreateRoute",
            "region": "ap-northeast-2",
            "route_table_id": "rtb-0369eb33ddff4d457",
            "state": "active",
            "timeouts": null,
            "transit_gateway_id": "",
            "vpc_endpoint_id": "",
            "vpc_peering_connection_id": ""
          },
          "sensitive_attributes": [],
          "identity_schema_version": 0,
          "identity": {
            "account_id": "827913617635",
            "destination_cidr_block": "0.0.0.0/0",
            "destination_ipv6_cidr_block": null,
            "destination_prefix_list_id": null,
            "region": "ap-northeast-2",
            "route_table_id": "rtb-0369eb33ddff4d457"
          },
          "private": "eyJlMmJmYjczMC1lY2FhLTExZTYtOGY4OC0zNDM2M2JjN2M0YzAiOnsiY3JlYXRlIjozMDAwMDAwMDAwMDAsImRlbGV0ZSI6MzAwMDAwMDAwMDAwLCJ1cGRhdGUiOjEyMDAwMDAwMDAwMH19",
          "dependencies": [
            "aws_internet_gateway.this",
            "aws_route_table.public",
            "aws_vpc.this"
          ]
        }
      ]
    },
    {
      "mode": "managed",
      "type": "aws_route_table",
      "name": "public",
      "provider": "provider[\"registry.terraform.io/hashicorp/aws\"]",
      "instances": [
        {
          "schema_version": 0,
          "attributes": {
            "arn": "arn:aws:ec2:ap-northeast-2:827913617635:route-table/rtb-0369eb33ddff4d457",
            "id": "rtb-0369eb33ddff4d457",
            "owner_id": "827913617635",
            "propagating_vgws": [],
            "region": "ap-northeast-2",
            "route": [
              {
                "carrier_gateway_id": "",
                "cidr_block": "0.0.0.0/0",
                "core_network_arn": "",
                "destination_prefix_list_id": "",
                "egress_only_gateway_id": "",
                "gateway_id": "igw-0c3c3267d9668fba9",
                "ipv6_cidr_block": "",
                "local_gateway_id": "",
                "nat_gateway_id": "",
                "network_interface_id": "",
                "odb_network_arn": "",
                "transit_gateway_id": "",
                "vpc_endpoint_id": "",
                "vpc_peering_connection_id": ""
              }
            ],
            "tags": {
              "Name": "de-ai-25-loggen-public-rt"
            },
            "tags_all": {
              "ManageBy": "Terraform",
              "Name": "de-ai-25-loggen-public-rt",
              "Project": "de-ai-25-loggen",
              "Purpose": "로그 제너레이터"
            },
            "timeouts": null,
            "vpc_id": "vpc-0d129f55b0fd791fd"
          },
          "sensitive_attributes": [],
          "identity_schema_version": 0,
          "identity": {
            "account_id": "827913617635",
            "id": "rtb-0369eb33ddff4d457",
            "region": "ap-northeast-2"
          },
          "private": "eyJlMmJmYjczMC1lY2FhLTExZTYtOGY4OC0zNDM2M2JjN2M0YzAiOnsiY3JlYXRlIjozMDAwMDAwMDAwMDAsImRlbGV0ZSI6MzAwMDAwMDAwMDAwLCJ1cGRhdGUiOjEyMDAwMDAwMDAwMH19",
          "dependencies": [
            "aws_vpc.this"
          ]
        }
      ]
    },
    {
      "mode": "managed",
      "type": "aws_route_table_association",
      "name": "public",
      "provider": "provider[\"registry.terraform.io/hashicorp/aws\"]",
      "instances": [
        {
          "index_key": 0,
          "schema_version": 0,
          "attributes": {
            "gateway_id": "",
            "id": "rtbassoc-0ff9a1854364a431a",
            "region": "ap-northeast-2",
            "route_table_id": "rtb-0369eb33ddff4d457",
            "subnet_id": "subnet-0aa1e8c5074f868f0",
            "timeouts": null
          },
          "sensitive_attributes": [],
          "identity_schema_version": 0,
          "identity": {
            "account_id": "827913617635",
            "id": "rtbassoc-0ff9a1854364a431a",
            "region": "ap-northeast-2"
          },
          "private": "eyJlMmJmYjczMC1lY2FhLTExZTYtOGY4OC0zNDM2M2JjN2M0YzAiOnsiY3JlYXRlIjozMDAwMDAwMDAwMDAsImRlbGV0ZSI6MzAwMDAwMDAwMDAwLCJ1cGRhdGUiOjEyMDAwMDAwMDAwMH19",
          "dependencies": [
            "aws_route_table.public",
            "aws_subnet.public",
            "aws_vpc.this",
            "data.aws_availability_zones.available"
          ]
        },
        {
          "index_key": 1,
          "schema_version": 0,
          "attributes": {
            "gateway_id": "",
            "id": "rtbassoc-0573035f4f5d5574d",
            "region": "ap-northeast-2",
            "route_table_id": "rtb-0369eb33ddff4d457",
            "subnet_id": "subnet-0514d653bff7e7d32",
            "timeouts": null
          },
          "sensitive_attributes": [],
          "identity_schema_version": 0,
          "identity": {
            "account_id": "827913617635",
            "id": "rtbassoc-0573035f4f5d5574d",
            "region": "ap-northeast-2"
          },
          "private": "eyJlMmJmYjczMC1lY2FhLTExZTYtOGY4OC0zNDM2M2JjN2M0YzAiOnsiY3JlYXRlIjozMDAwMDAwMDAwMDAsImRlbGV0ZSI6MzAwMDAwMDAwMDAwLCJ1cGRhdGUiOjEyMDAwMDAwMDAwMH19",
          "dependencies": [
            "aws_route_table.public",
            "aws_subnet.public",
            "aws_vpc.this",
            "data.aws_availability_zones.available"
          ]
        }
      ]
    },
    {
      "mode": "managed",
      "type": "aws_s3_bucket",
      "name": "data",
      "provider": "provider[\"registry.terraform.io/hashicorp/aws\"]",
      "instances": [
        {
          "schema_version": 0,
          "attributes": {
            "acceleration_status": "",
            "acl": null,
            "arn": "arn:aws:s3:::de-ai-25-loggen-s3-bk-827913617635",
            "bucket": "de-ai-25-loggen-s3-bk-827913617635",
            "bucket_domain_name": "de-ai-25-loggen-s3-bk-827913617635.s3.amazonaws.com",
            "bucket_namespace": "global",
            "bucket_prefix": "",
            "bucket_region": "ap-northeast-2",
            "bucket_regional_domain_name": "de-ai-25-loggen-s3-bk-827913617635.s3.ap-northeast-2.amazonaws.com",
            "cors_rule": [],
            "force_destroy": true,
            "grant": [
              {
                "id": "9a512f1763d8ad27df0768746a657df946099cb2b09b913587040279bbefc23d",
                "permissions": [
                  "FULL_CONTROL"
                ],
                "type": "CanonicalUser",
                "uri": ""
              }
            ],
            "hosted_zone_id": "Z3W03O7B5YMIYP",
            "id": "de-ai-25-loggen-s3-bk-827913617635",
            "lifecycle_rule": [],
            "logging": [],
            "object_lock_configuration": [],
            "object_lock_enabled": false,
            "policy": "",
            "region": "ap-northeast-2",
            "replication_configuration": [],
            "request_payer": "BucketOwner",
            "server_side_encryption_configuration": [
              {
                "rule": [
                  {
                    "apply_server_side_encryption_by_default": [
                      {
                        "kms_master_key_id": "",
                        "sse_algorithm": "AES256"
                      }
                    ],
                    "bucket_key_enabled": false
                  }
                ]
              }
            ],
            "tags": {},
            "tags_all": {
              "ManageBy": "Terraform",
              "Project": "de-ai-25-loggen",
              "Purpose": "로그 제너레이터"
            },
            "timeouts": null,
            "versioning": [
              {
                "enabled": false,
                "mfa_delete": false
              }
            ],
            "website": [],
            "website_domain": null,
            "website_endpoint": null
          },
          "sensitive_attributes": [],
          "identity_schema_version": 0,
          "identity": {
            "account_id": "827913617635",
            "bucket": "de-ai-25-loggen-s3-bk-827913617635",
            "region": "ap-northeast-2"
          },
          "private": "eyJlMmJmYjczMC1lY2FhLTExZTYtOGY4OC0zNDM2M2JjN2M0YzAiOnsiY3JlYXRlIjoxMjAwMDAwMDAwMDAwLCJkZWxldGUiOjM2MDAwMDAwMDAwMDAsInJlYWQiOjEyMDAwMDAwMDAwMDAsInVwZGF0ZSI6MTIwMDAwMDAwMDAwMH19",
          "dependencies": [
            "data.aws_caller_identity.current"
          ]
        }
      ]
    },
    {
      "mode": "managed",
      "type": "aws_s3_bucket_public_access_block",
      "name": "data",
      "provider": "provider[\"registry.terraform.io/hashicorp/aws\"]",
      "instances": [
        {
          "schema_version": 0,
          "attributes": {
            "block_public_acls": true,
            "block_public_policy": true,
            "bucket": "de-ai-25-loggen-s3-bk-827913617635",
            "id": "de-ai-25-loggen-s3-bk-827913617635",
            "ignore_public_acls": true,
            "region": "ap-northeast-2",
            "restrict_public_buckets": true,
            "skip_destroy": null
          },
          "sensitive_attributes": [],
          "identity_schema_version": 0,
          "identity": {
            "account_id": "827913617635",
            "bucket": "de-ai-25-loggen-s3-bk-827913617635",
            "region": "ap-northeast-2"
          },
          "private": "bnVsbA==",
          "dependencies": [
            "aws_s3_bucket.data",
            "data.aws_caller_identity.current"
          ]
        }
      ]
    },
    {
      "mode": "managed",
      "type": "aws_s3_object",
      "name": "flink_app",
      "provider": "provider[\"registry.terraform.io/hashicorp/aws\"]",
      "instances": [
        {
          "schema_version": 0,
          "attributes": {
            "acl": null,
            "arn": "arn:aws:s3:::de-ai-25-loggen-s3-bk-827913617635/flink/applications/flink-silver-cacee04209af90d91cc6f8f09a8e7d08.zip",
            "bucket": "de-ai-25-loggen-s3-bk-827913617635",
            "bucket_key_enabled": false,
            "cache_control": "",
            "checksum_algorithm": null,
            "checksum_crc32": "",
            "checksum_crc32c": "",
            "checksum_crc64nvme": "",
            "checksum_sha1": "",
            "checksum_sha256": "",
            "content": null,
            "content_base64": null,
            "content_disposition": "",
            "content_encoding": "",
            "content_language": "",
            "content_type": "binary/octet-stream",
            "etag": "7438d630c70152a5b6e6c7d226a429a3-7",
            "force_destroy": false,
            "id": "de-ai-25-loggen-s3-bk-827913617635/flink/applications/flink-silver-cacee04209af90d91cc6f8f09a8e7d08.zip",
            "key": "flink/applications/flink-silver-cacee04209af90d91cc6f8f09a8e7d08.zip",
            "kms_key_id": null,
            "metadata": null,
            "object_lock_legal_hold_status": "",
            "object_lock_mode": "",
            "object_lock_retain_until_date": "",
            "override_provider": [],
            "region": "ap-northeast-2",
            "server_side_encryption": "AES256",
            "source": "./../flink/target/flink-silver.zip",
            "source_hash": "cacee04209af90d91cc6f8f09a8e7d08",
            "storage_class": "STANDARD",
            "tags": null,
            "tags_all": {
              "ManageBy": "Terraform",
              "Project": "de-ai-25-loggen",
              "Purpose": "로그 제너레이터"
            },
            "version_id": "",
            "website_redirect": ""
          },
          "sensitive_attributes": [],
          "identity_schema_version": 0,
          "identity": {
            "account_id": "827913617635",
            "bucket": "de-ai-25-loggen-s3-bk-827913617635",
            "key": "flink/applications/flink-silver-cacee04209af90d91cc6f8f09a8e7d08.zip",
            "region": "ap-northeast-2"
          },
          "private": "bnVsbA==",
          "dependencies": [
            "aws_s3_bucket.data",
            "aws_s3_bucket_public_access_block.data",
            "data.aws_caller_identity.current"
          ]
        }
      ]
    },
    {
      "mode": "managed",
      "type": "aws_security_group",
      "name": "fargate",
      "provider": "provider[\"registry.terraform.io/hashicorp/aws\"]",
      "instances": [
        {
          "schema_version": 1,
          "attributes": {
            "arn": "arn:aws:ec2:ap-northeast-2:827913617635:security-group/sg-0acc2116e6434b38b",
            "description": "only fargate",
            "egress": [
              {
                "cidr_blocks": [
                  "0.0.0.0/0"
                ],
                "description": "",
                "from_port": 0,
                "ipv6_cidr_blocks": [],
                "prefix_list_ids": [],
                "protocol": "-1",
                "security_groups": [],
                "self": false,
                "to_port": 0
              }
            ],
            "id": "sg-0acc2116e6434b38b",
            "ingress": [],
            "name": "de-ai-25-loggen-fargate-sg",
            "name_prefix": "",
            "owner_id": "827913617635",
            "region": "ap-northeast-2",
            "revoke_rules_on_delete": false,
            "tags": {
              "Name": "de-ai-25-loggen-fargate-sg"
            },
            "tags_all": {
              "ManageBy": "Terraform",
              "Name": "de-ai-25-loggen-fargate-sg",
              "Project": "de-ai-25-loggen",
              "Purpose": "로그 제너레이터"
            },
            "timeouts": null,
            "vpc_id": "vpc-0d129f55b0fd791fd"
          },
          "sensitive_attributes": [],
          "identity_schema_version": 0,
          "identity": {
            "account_id": "827913617635",
            "id": "sg-0acc2116e6434b38b",
            "region": "ap-northeast-2"
          },
          "private": "eyJlMmJmYjczMC1lY2FhLTExZTYtOGY4OC0zNDM2M2JjN2M0YzAiOnsiY3JlYXRlIjo2MDAwMDAwMDAwMDAsImRlbGV0ZSI6OTAwMDAwMDAwMDAwfSwic2NoZW1hX3ZlcnNpb24iOiIxIn0=",
          "dependencies": [
            "aws_vpc.this"
          ]
        }
      ]
    },
    {
      "mode": "managed",
      "type": "aws_subnet",
      "name": "public",
      "provider": "provider[\"registry.terraform.io/hashicorp/aws\"]",
      "instances": [
        {
          "index_key": 0,
          "schema_version": 1,
          "attributes": {
            "arn": "arn:aws:ec2:ap-northeast-2:827913617635:subnet/subnet-0aa1e8c5074f868f0",
            "assign_ipv6_address_on_creation": false,
            "availability_zone": "ap-northeast-2a",
            "availability_zone_id": "apne2-az1",
            "cidr_block": "10.20.1.0/24",
            "customer_owned_ipv4_pool": "",
            "enable_dns64": false,
            "enable_lni_at_device_index": 0,
            "enable_resource_name_dns_a_record_on_launch": false,
            "enable_resource_name_dns_aaaa_record_on_launch": false,
            "id": "subnet-0aa1e8c5074f868f0",
            "ipv4_ipam_pool_id": null,
            "ipv4_netmask_length": null,
            "ipv6_cidr_block": "",
            "ipv6_cidr_block_association_id": "",
            "ipv6_ipam_pool_id": null,
            "ipv6_native": false,
            "ipv6_netmask_length": null,
            "map_customer_owned_ip_on_launch": false,
            "map_public_ip_on_launch": true,
            "outpost_arn": "",
            "owner_id": "827913617635",
            "private_dns_hostname_type_on_launch": "ip-name",
            "region": "ap-northeast-2",
            "tags": {
              "Name": "de-ai-25-loggen-public-1",
              "Type": "loggen-public"
            },
            "tags_all": {
              "ManageBy": "Terraform",
              "Name": "de-ai-25-loggen-public-1",
              "Project": "de-ai-25-loggen",
              "Purpose": "로그 제너레이터",
              "Type": "loggen-public"
            },
            "timeouts": null,
            "vpc_id": "vpc-0d129f55b0fd791fd"
          },
          "sensitive_attributes": [],
          "identity_schema_version": 0,
          "identity": {
            "account_id": "827913617635",
            "id": "subnet-0aa1e8c5074f868f0",
            "region": "ap-northeast-2"
          },
          "private": "eyJlMmJmYjczMC1lY2FhLTExZTYtOGY4OC0zNDM2M2JjN2M0YzAiOnsiY3JlYXRlIjo2MDAwMDAwMDAwMDAsImRlbGV0ZSI6MTIwMDAwMDAwMDAwMH0sInNjaGVtYV92ZXJzaW9uIjoiMSJ9",
          "dependencies": [
            "aws_vpc.this",
            "data.aws_availability_zones.available"
          ]
        },
        {
          "index_key": 1,
          "schema_version": 1,
          "attributes": {
            "arn": "arn:aws:ec2:ap-northeast-2:827913617635:subnet/subnet-0514d653bff7e7d32",
            "assign_ipv6_address_on_creation": false,
            "availability_zone": "ap-northeast-2b",
            "availability_zone_id": "apne2-az2",
            "cidr_block": "10.20.2.0/24",
            "customer_owned_ipv4_pool": "",
            "enable_dns64": false,
            "enable_lni_at_device_index": 0,
            "enable_resource_name_dns_a_record_on_launch": false,
            "enable_resource_name_dns_aaaa_record_on_launch": false,
            "id": "subnet-0514d653bff7e7d32",
            "ipv4_ipam_pool_id": null,
            "ipv4_netmask_length": null,
            "ipv6_cidr_block": "",
            "ipv6_cidr_block_association_id": "",
            "ipv6_ipam_pool_id": null,
            "ipv6_native": false,
            "ipv6_netmask_length": null,
            "map_customer_owned_ip_on_launch": false,
            "map_public_ip_on_launch": true,
            "outpost_arn": "",
            "owner_id": "827913617635",
            "private_dns_hostname_type_on_launch": "ip-name",
            "region": "ap-northeast-2",
            "tags": {
              "Name": "de-ai-25-loggen-public-2",
              "Type": "loggen-public"
            },
            "tags_all": {
              "ManageBy": "Terraform",
              "Name": "de-ai-25-loggen-public-2",
              "Project": "de-ai-25-loggen",
              "Purpose": "로그 제너레이터",
              "Type": "loggen-public"
            },
            "timeouts": null,
            "vpc_id": "vpc-0d129f55b0fd791fd"
          },
          "sensitive_attributes": [],
          "identity_schema_version": 0,
          "identity": {
            "account_id": "827913617635",
            "id": "subnet-0514d653bff7e7d32",
            "region": "ap-northeast-2"
          },
          "private": "eyJlMmJmYjczMC1lY2FhLTExZTYtOGY4OC0zNDM2M2JjN2M0YzAiOnsiY3JlYXRlIjo2MDAwMDAwMDAwMDAsImRlbGV0ZSI6MTIwMDAwMDAwMDAwMH0sInNjaGVtYV92ZXJzaW9uIjoiMSJ9",
          "dependencies": [
            "aws_vpc.this",
            "data.aws_availability_zones.available"
          ]
        }
      ]
    },
    {
      "mode": "managed",
      "type": "aws_vpc",
      "name": "this",
      "provider": "provider[\"registry.terraform.io/hashicorp/aws\"]",
      "instances": [
        {
          "schema_version": 1,
          "attributes": {
            "arn": "arn:aws:ec2:ap-northeast-2:827913617635:vpc/vpc-0d129f55b0fd791fd",
            "assign_generated_ipv6_cidr_block": false,
            "cidr_block": "10.20.0.0/16",
            "default_network_acl_id": "acl-0c1352fb484a144c2",
            "default_route_table_id": "rtb-03aaea166944e735c",
            "default_security_group_id": "sg-0d6e68a3aa4a92535",
            "dhcp_options_id": "dopt-01ecc933ab1a152f7",
            "enable_dns_hostnames": true,
            "enable_dns_support": true,
            "enable_network_address_usage_metrics": false,
            "id": "vpc-0d129f55b0fd791fd",
            "instance_tenancy": "default",
            "ipv4_ipam_pool_id": null,
            "ipv4_netmask_length": null,
            "ipv6_association_id": "",
            "ipv6_cidr_block": "",
            "ipv6_cidr_block_network_border_group": "",
            "ipv6_ipam_pool_id": "",
            "ipv6_netmask_length": 0,
            "main_route_table_id": "rtb-03aaea166944e735c",
            "owner_id": "827913617635",
            "region": "ap-northeast-2",
            "tags": {
              "Name": "de-ai-25-loggen-vpc"
            },
            "tags_all": {
              "ManageBy": "Terraform",
              "Name": "de-ai-25-loggen-vpc",
              "Project": "de-ai-25-loggen",
              "Purpose": "로그 제너레이터"
            }
          },
          "sensitive_attributes": [],
          "identity_schema_version": 0,
          "identity": {
            "account_id": "827913617635",
            "id": "vpc-0d129f55b0fd791fd",
            "region": "ap-northeast-2"
          },
          "private": "eyJzY2hlbWFfdmVyc2lvbiI6IjEifQ=="
        }
      ]
    },
    {
      "mode": "managed",
      "type": "aws_vpc_security_group_egress_rule",
      "name": "all",
      "provider": "provider[\"registry.terraform.io/hashicorp/aws\"]",
      "instances": [
        {
          "schema_version": 0,
          "attributes": {
            "arn": "arn:aws:ec2:ap-northeast-2:827913617635:security-group-rule/sgr-0c1a13ee0ecab5ae0",
            "cidr_ipv4": "0.0.0.0/0",
            "cidr_ipv6": null,
            "description": null,
            "from_port": null,
            "id": "sgr-0c1a13ee0ecab5ae0",
            "ip_protocol": "-1",
            "prefix_list_id": null,
            "referenced_security_group_id": null,
            "region": "ap-northeast-2",
            "security_group_id": "sg-0acc2116e6434b38b",
            "security_group_rule_id": "sgr-0c1a13ee0ecab5ae0",
            "tags": null,
            "tags_all": {
              "ManageBy": "Terraform",
              "Project": "de-ai-25-loggen",
              "Purpose": "로그 제너레이터"
            },
            "to_port": null
          },
          "sensitive_attributes": [],
          "identity_schema_version": 0,
          "identity": {
            "account_id": "827913617635",
            "id": "sgr-0c1a13ee0ecab5ae0",
            "region": "ap-northeast-2"
          },
          "dependencies": [
            "aws_security_group.fargate",
            "aws_vpc.this"
          ]
        }
      ]
    }
  ],
  "check_results": [
    {
      "object_kind": "var",
      "config_addr": "var.public_subnet_cidrs",
      "status": "pass",
      "objects": [
        {
          "object_addr": "var.public_subnet_cidrs",
          "status": "pass"
        }
      ]
    },
    {
      "object_kind": "var",
      "config_addr": "var.flink_source_init_position",
      "status": "pass",
      "objects": [
        {
          "object_addr": "var.flink_source_init_position",
          "status": "pass"
        }
      ]
    }
  ]
}
